// !$*UTF8*$!
{
	archiveVersion = 1;
	classes = {
	};
	objectVersion = 46;
	objects = {

/* Begin PBXBuildFile section */
		929DF88C19CBCC9E006A1F16 /* Foundation.framework in Frameworks */ = {isa = PBXBuildFile; fileRef = 929DF88B19CBCC9E006A1F16 /* Foundation.framework */; };
		929DF88E19CBCC9E006A1F16 /* CoreGraphics.framework in Frameworks */ = {isa = PBXBuildFile; fileRef = 929DF88D19CBCC9E006A1F16 /* CoreGraphics.framework */; };
		929DF89019CBCC9E006A1F16 /* UIKit.framework in Frameworks */ = {isa = PBXBuildFile; fileRef = 929DF88F19CBCC9E006A1F16 /* UIKit.framework */; };
		929DF89619CBCC9E006A1F16 /* InfoPlist.strings in Resources */ = {isa = PBXBuildFile; fileRef = 929DF89419CBCC9E006A1F16 /* InfoPlist.strings */; };
		929DF89819CBCC9E006A1F16 /* main.m in Sources */ = {isa = PBXBuildFile; fileRef = 929DF89719CBCC9E006A1F16 /* main.m */; };
		929DF89C19CBCC9E006A1F16 /* AppDelegate.m in Sources */ = {isa = PBXBuildFile; fileRef = 929DF89B19CBCC9E006A1F16 /* AppDelegate.m */; };
		929DF89F19CBCC9E006A1F16 /* Main.storyboard in Resources */ = {isa = PBXBuildFile; fileRef = 929DF89D19CBCC9E006A1F16 /* Main.storyboard */; };
		929DF8A219CBCC9E006A1F16 /* ViewController.m in Sources */ = {isa = PBXBuildFile; fileRef = 929DF8A119CBCC9E006A1F16 /* ViewController.m */; };
		929DF8A419CBCC9E006A1F16 /* Images.xcassets in Resources */ = {isa = PBXBuildFile; fileRef = 929DF8A319CBCC9E006A1F16 /* Images.xcassets */; };
		929DF8AB19CBCC9E006A1F16 /* XCTest.framework in Frameworks */ = {isa = PBXBuildFile; fileRef = 929DF8AA19CBCC9E006A1F16 /* XCTest.framework */; };
		929DF8AC19CBCC9E006A1F16 /* Foundation.framework in Frameworks */ = {isa = PBXBuildFile; fileRef = 929DF88B19CBCC9E006A1F16 /* Foundation.framework */; };
		929DF8AD19CBCC9E006A1F16 /* UIKit.framework in Frameworks */ = {isa = PBXBuildFile; fileRef = 929DF88F19CBCC9E006A1F16 /* UIKit.framework */; };
		929DF8B519CBCC9E006A1F16 /* InfoPlist.strings in Resources */ = {isa = PBXBuildFile; fileRef = 929DF8B319CBCC9E006A1F16 /* InfoPlist.strings */; };
		929DF8B719CBCC9E006A1F16 /* UNStoryboardTestTests.m in Sources */ = {isa = PBXBuildFile; fileRef = 929DF8B619CBCC9E006A1F16 /* UNStoryboardTestTests.m */; };
/* End PBXBuildFile section */

/* Begin PBXContainerItemProxy section */
		929DF8AE19CBCC9E006A1F16 /* PBXContainerItemProxy */ = {
			isa = PBXContainerItemProxy;
			containerPortal = 929DF88019CBCC9E006A1F16 /* Project object */;
			proxyType = 1;
			remoteGlobalIDString = 929DF88719CBCC9E006A1F16;
			remoteInfo = UNStoryboardTest;
		};
/* End PBXContainerItemProxy section */

/* Begin PBXFileReference section */
		929DF88819CBCC9E006A1F16 /* UNStoryboardTest.app */ = {isa = PBXFileReference; explicitFileType = wrapper.application; includeInIndex = 0; path = UNStoryboardTest.app; sourceTree = BUILT_PRODUCTS_DIR; };
		929DF88B19CBCC9E006A1F16 /* Foundation.framework */ = {isa = PBXFileReference; lastKnownFileType = wrapper.framework; name = Foundation.framework; path = System/Library/Frameworks/Foundation.framework; sourceTree = SDKROOT; };
		929DF88D19CBCC9E006A1F16 /* CoreGraphics.framework */ = {isa = PBXFileReference; lastKnownFileType = wrapper.framework; name = CoreGraphics.framework; path = System/Library/Frameworks/CoreGraphics.framework; sourceTree = SDKROOT; };
		929DF88F19CBCC9E006A1F16 /* UIKit.framework */ = {isa = PBXFileReference; lastKnownFileType = wrapper.framework; name = UIKit.framework; path = System/Library/Frameworks/UIKit.framework; sourceTree = SDKROOT; };
		929DF89319CBCC9E006A1F16 /* UNStoryboardTest-Info.plist */ = {isa = PBXFileReference; lastKnownFileType = text.plist.xml; path = "UNStoryboardTest-Info.plist"; sourceTree = "<group>"; };
		929DF89519CBCC9E006A1F16 /* en */ = {isa = PBXFileReference; lastKnownFileType = text.plist.strings; name = en; path = en.lproj/InfoPlist.strings; sourceTree = "<group>"; };
		929DF89719CBCC9E006A1F16 /* main.m */ = {isa = PBXFileReference; lastKnownFileType = sourcecode.c.objc; path = main.m; sourceTree = "<group>"; };
		929DF89919CBCC9E006A1F16 /* UNStoryboardTest-Prefix.pch */ = {isa = PBXFileReference; lastKnownFileType = sourcecode.c.h; path = "UNStoryboardTest-Prefix.pch"; sourceTree = "<group>"; };
		929DF89A19CBCC9E006A1F16 /* AppDelegate.h */ = {isa = PBXFileReference; lastKnownFileType = sourcecode.c.h; path = AppDelegate.h; sourceTree = "<group>"; };
		929DF89B19CBCC9E006A1F16 /* AppDelegate.m */ = {isa = PBXFileReference; lastKnownFileType = sourcecode.c.objc; path = AppDelegate.m; sourceTree = "<group>"; };
		929DF89E19CBCC9E006A1F16 /* Base */ = {isa = PBXFileReference; lastKnownFileType = file.storyboard; name = Base; path = Base.lproj/Main.storyboard; sourceTree = "<group>"; };
		929DF8A019CBCC9E006A1F16 /* ViewController.h */ = {isa = PBXFileReference; lastKnownFileType = sourcecode.c.h; path = ViewController.h; sourceTree = "<group>"; };
		929DF8A119CBCC9E006A1F16 /* ViewController.m */ = {isa = PBXFileReference; lastKnownFileType = sourcecode.c.objc; path = ViewController.m; sourceTree = "<group>"; };
		929DF8A319CBCC9E006A1F16 /* Images.xcassets */ = {isa = PBXFileReference; lastKnownFileType = folder.assetcatalog; path = Images.xcassets; sourceTree = "<group>"; };
		929DF8A919CBCC9E006A1F16 /* UNStoryboardTestTests.xctest */ = {isa = PBXFileReference; explicitFileType = wrapper.cfbundle; includeInIndex = 0; path = UNStoryboardTestTests.xctest; sourceTree = BUILT_PRODUCTS_DIR; };
		929DF8AA19CBCC9E006A1F16 /* XCTest.framework */ = {isa = PBXFileReference; lastKnownFileType = wrapper.framework; name = XCTest.framework; path = Library/Frameworks/XCTest.framework; sourceTree = DEVELOPER_DIR; };
		929DF8B219CBCC9E006A1F16 /* UNStoryboardTestTests-Info.plist */ = {isa = PBXFileReference; lastKnownFileType = text.plist.xml; path = "UNStoryboardTestTests-Info.plist"; sourceTree = "<group>"; };
		929DF8B419CBCC9E006A1F16 /* en */ = {isa = PBXFileReference; lastKnownFileType = text.plist.strings; name = en; path = en.lproj/InfoPlist.strings; sourceTree = "<group>"; };
		929DF8B619CBCC9E006A1F16 /* UNStoryboardTestTests.m */ = {isa = PBXFileReference; lastKnownFileType = sourcecode.c.objc; path = UNStoryboardTestTests.m; sourceTree = "<group>"; };
/* End PBXFileReference section */

/* Begin PBXFrameworksBuildPhase section */
		929DF88519CBCC9E006A1F16 /* Frameworks */ = {
			isa = PBXFrameworksBuildPhase;
			buildActionMask = 2147483647;
			files = (
				929DF88E19CBCC9E006A1F16 /* CoreGraphics.framework in Frameworks */,
				929DF89019CBCC9E006A1F16 /* UIKit.framework in Frameworks */,
				929DF88C19CBCC9E006A1F16 /* Foundation.framework in Frameworks */,
			);
			runOnlyForDeploymentPostprocessing = 0;
		};
		929DF8A619CBCC9E006A1F16 /* Frameworks */ = {
			isa = PBXFrameworksBuildPhase;
			buildActionMask = 2147483647;
			files = (
				929DF8AB19CBCC9E006A1F16 /* XCTest.framework in Frameworks */,
				929DF8AD19CBCC9E006A1F16 /* UIKit.framework in Frameworks */,
				929DF8AC19CBCC9E006A1F16 /* Foundation.framework in Frameworks */,
			);
			runOnlyForDeploymentPostprocessing = 0;
		};
/* End PBXFrameworksBuildPhase section */

/* Begin PBXGroup section */
		929DF87F19CBCC9E006A1F16 = {
			isa = PBXGroup;
			children = (
				929DF89119CBCC9E006A1F16 /* UNStoryboardTest */,
				929DF8B019CBCC9E006A1F16 /* UNStoryboardTestTests */,
				929DF88A19CBCC9E006A1F16 /* Frameworks */,
				929DF88919CBCC9E006A1F16 /* Products */,
			);
			sourceTree = "<group>";
		};
		929DF88919CBCC9E006A1F16 /* Products */ = {
			isa = PBXGroup;
			children = (
				929DF88819CBCC9E006A1F16 /* UNStoryboardTest.app */,
				929DF8A919CBCC9E006A1F16 /* UNStoryboardTestTests.xctest */,
			);
			name = Products;
			sourceTree = "<group>";
		};
		929DF88A19CBCC9E006A1F16 /* Frameworks */ = {
			isa = PBXGroup;
			children = (
				929DF88B19CBCC9E006A1F16 /* Foundation.framework */,
				929DF88D19CBCC9E006A1F16 /* CoreGraphics.framework */,
				929DF88F19CBCC9E006A1F16 /* UIKit.framework */,
				929DF8AA19CBCC9E006A1F16 /* XCTest.framework */,
			);
			name = Frameworks;
			sourceTree = "<group>";
		};
		929DF89119CBCC9E006A1F16 /* UNStoryboardTest */ = {
			isa = PBXGroup;
			children = (
				929DF89A19CBCC9E006A1F16 /* AppDelegate.h */,
				929DF89B19CBCC9E006A1F16 /* AppDelegate.m */,
				929DF89D19CBCC9E006A1F16 /* Main.storyboard */,
				929DF8A019CBCC9E006A1F16 /* ViewController.h */,
				929DF8A119CBCC9E006A1F16 /* ViewController.m */,
				929DF8A319CBCC9E006A1F16 /* Images.xcassets */,
				929DF89219CBCC9E006A1F16 /* Supporting Files */,
			);
			path = UNStoryboardTest;
			sourceTree = "<group>";
		};
		929DF89219CBCC9E006A1F16 /* Supporting Files */ = {
			isa = PBXGroup;
			children = (
				929DF89319CBCC9E006A1F16 /* UNStoryboardTest-Info.plist */,
				929DF89419CBCC9E006A1F16 /* InfoPlist.strings */,
				929DF89719CBCC9E006A1F16 /* main.m */,
				929DF89919CBCC9E006A1F16 /* UNStoryboardTest-Prefix.pch */,
			);
			name = "Supporting Files";
			sourceTree = "<group>";
		};
		929DF8B019CBCC9E006A1F16 /* UNStoryboardTestTests */ = {
			isa = PBXGroup;
			children = (
				929DF8B619CBCC9E006A1F16 /* UNStoryboardTestTests.m */,
				929DF8B119CBCC9E006A1F16 /* Supporting Files */,
			);
			path = UNStoryboardTestTests;
			sourceTree = "<group>";
		};
		929DF8B119CBCC9E006A1F16 /* Supporting Files */ = {
			isa = PBXGroup;
			children = (
				929DF8B219CBCC9E006A1F16 /* UNStoryboardTestTests-Info.plist */,
				929DF8B319CBCC9E006A1F16 /* InfoPlist.strings */,
			);
			name = "Supporting Files";
			sourceTree = "<group>";
		};
/* End PBXGroup section */

/* Begin PBXNativeTarget section */
		929DF88719CBCC9E006A1F16 /* UNStoryboardTest */ = {
			isa = PBXNativeTarget;
			buildConfigurationList = 929DF8BA19CBCC9E006A1F16 /* Build configuration list for PBXNativeTarget "UNStoryboardTest" */;
			buildPhases = (
				929DF88419CBCC9E006A1F16 /* Sources */,
				929DF88519CBCC9E006A1F16 /* Frameworks */,
				929DF88619CBCC9E006A1F16 /* Resources */,
			);
			buildRules = (
			);
			dependencies = (
			);
			name = UNStoryboardTest;
			productName = UNStoryboardTest;
			productReference = 929DF88819CBCC9E006A1F16 /* UNStoryboardTest.app */;
			productType = "com.apple.product-type.application";
		};
		929DF8A819CBCC9E006A1F16 /* UNStoryboardTestTests */ = {
			isa = PBXNativeTarget;
			buildConfigurationList = 929DF8BD19CBCC9E006A1F16 /* Build configuration list for PBXNativeTarget "UNStoryboardTestTests" */;
			buildPhases = (
				929DF8A519CBCC9E006A1F16 /* Sources */,
				929DF8A619CBCC9E006A1F16 /* Frameworks */,
				929DF8A719CBCC9E006A1F16 /* Resources */,
			);
			buildRules = (
			);
			dependencies = (
				929DF8AF19CBCC9E006A1F16 /* PBXTargetDependency */,
			);
			name = UNStoryboardTestTests;
			productName = UNStoryboardTestTests;
			productReference = 929DF8A919CBCC9E006A1F16 /* UNStoryboardTestTests.xctest */;
			productType = "com.apple.product-type.bundle.unit-test";
		};
/* End PBXNativeTarget section */

/* Begin PBXProject section */
		929DF88019CBCC9E006A1F16 /* Project object */ = {
			isa = PBXProject;
			attributes = {
				LastUpgradeCheck = 0510;
				ORGANIZATIONNAME = "___FULLUSERNAME___";
				TargetAttributes = {
					929DF8A819CBCC9E006A1F16 = {
						TestTargetID = 929DF88719CBCC9E006A1F16;
					};
				};
			};
			buildConfigurationList = 929DF88319CBCC9E006A1F16 /* Build configuration list for PBXProject "UNStoryboardTest" */;
			compatibilityVersion = "Xcode 3.2";
			developmentRegion = English;
			hasScannedForEncodings = 0;
			knownRegions = (
				en,
				Base,
			);
			mainGroup = 929DF87F19CBCC9E006A1F16;
			productRefGroup = 929DF88919CBCC9E006A1F16 /* Products */;
			projectDirPath = "";
			projectRoot = "";
			targets = (
				929DF88719CBCC9E006A1F16 /* UNStoryboardTest */,
				929DF8A819CBCC9E006A1F16 /* UNStoryboardTestTests */,
			);
		};
/* End PBXProject section */

/* Begin PBXResourcesBuildPhase section */
		929DF88619CBCC9E006A1F16 /* Resources */ = {
			isa = PBXResourcesBuildPhase;
			buildActionMask = 2147483647;
			files = (
				929DF8A419CBCC9E006A1F16 /* Images.xcassets in Resources */,
				929DF89619CBCC9E006A1F16 /* InfoPlist.strings in Resources */,
				929DF89F19CBCC9E006A1F16 /* Main.storyboard in Resources */,
			);
			runOnlyForDeploymentPostprocessing = 0;
		};
		929DF8A719CBCC9E006A1F16 /* Resources */ = {
			isa = PBXResourcesBuildPhase;
			buildActionMask = 2147483647;
			files = (
				929DF8B519CBCC9E006A1F16 /* InfoPlist.strings in Resources */,
			);
			runOnlyForDeploymentPostprocessing = 0;
		};
/* End PBXResourcesBuildPhase section */

/* Begin PBXSourcesBuildPhase section */
		929DF88419CBCC9E006A1F16 /* Sources */ = {
			isa = PBXSourcesBuildPhase;
			buildActionMask = 2147483647;
			files = (
				929DF8A219CBCC9E006A1F16 /* ViewController.m in Sources */,
				929DF89C19CBCC9E006A1F16 /* AppDelegate.m in Sources */,
				929DF89819CBCC9E006A1F16 /* main.m in Sources */,
			);
			runOnlyForDeploymentPostprocessing = 0;
		};
		929DF8A519CBCC9E006A1F16 /* Sources */ = {
			isa = PBXSourcesBuildPhase;
			buildActionMask = 2147483647;
			files = (
				929DF8B719CBCC9E006A1F16 /* UNStoryboardTestTests.m in Sources */,
			);
			runOnlyForDeploymentPostprocessing = 0;
		};
/* End PBXSourcesBuildPhase section */

/* Begin PBXTargetDependency section */
		929DF8AF19CBCC9E006A1F16 /* PBXTargetDependency */ = {
			isa = PBXTargetDependency;
			target = 929DF88719CBCC9E006A1F16 /* UNStoryboardTest */;
			targetProxy = 929DF8AE19CBCC9E006A1F16 /* PBXContainerItemProxy */;
		};
/* End PBXTargetDependency section */

/* Begin PBXVariantGroup section */
		929DF89419CBCC9E006A1F16 /* InfoPlist.strings */ = {
			isa = PBXVariantGroup;
			children = (
				929DF89519CBCC9E006A1F16 /* en */,
			);
			name = InfoPlist.strings;
			sourceTree = "<group>";
		};
		929DF89D19CBCC9E006A1F16 /* Main.storyboard */ = {
			isa = PBXVariantGroup;
			children = (
				929DF89E19CBCC9E006A1F16 /* Base */,
			);
			name = Main.storyboard;
			sourceTree = "<group>";
		};
		929DF8B319CBCC9E006A1F16 /* InfoPlist.strings */ = {
			isa = PBXVariantGroup;
			children = (
				929DF8B419CBCC9E006A1F16 /* en */,
			);
			name = InfoPlist.strings;
			sourceTree = "<group>";
		};
/* End PBXVariantGroup section */

/* Begin XCBuildConfiguration section */
		929DF8B819CBCC9E006A1F16 /* Debug */ = {
			isa = XCBuildConfiguration;
			buildSettings = {
				ALWAYS_SEARCH_USER_PATHS = NO;
				CLANG_CXX_LANGUAGE_STANDARD = "gnu++0x";
				CLANG_CXX_LIBRARY = "libc++";
				CLANG_ENABLE_MODULES = YES;
				CLANG_ENABLE_OBJC_ARC = YES;
				CLANG_WARN_BOOL_CONVERSION = YES;
				CLANG_WARN_CONSTANT_CONVERSION = YES;
				CLANG_WARN_DIRECT_OBJC_ISA_USAGE = YES_ERROR;
				CLANG_WARN_EMPTY_BODY = YES;
				CLANG_WARN_ENUM_CONVERSION = YES;
				CLANG_WARN_INT_CONVERSION = YES;
				CLANG_WARN_OBJC_ROOT_CLASS = YES_ERROR;
				CLANG_WARN__DUPLICATE_METHOD_MATCH = YES;
				"CODE_SIGN_IDENTITY[sdk=iphoneos*]" = "iPhone Developer";
				COPY_PHASE_STRIP = NO;
				GCC_C_LANGUAGE_STANDARD = gnu99;
				GCC_DYNAMIC_NO_PIC = NO;
				GCC_OPTIMIZATION_LEVEL = 0;
				GCC_PREPROCESSOR_DEFINITIONS = (
					"DEBUG=1",
					"$(inherited)",
				);
				GCC_SYMBOLS_PRIVATE_EXTERN = NO;
				GCC_WARN_64_TO_32_BIT_CONVERSION = YES;
				GCC_WARN_ABOUT_RETURN_TYPE = YES_ERROR;
				GCC_WARN_UNDECLARED_SELECTOR = YES;
				GCC_WARN_UNINITIALIZED_AUTOS = YES_AGGRESSIVE;
				GCC_WARN_UNUSED_FUNCTION = YES;
				GCC_WARN_UNUSED_VARIABLE = YES;
				IPHONEOS_DEPLOYMENT_TARGET = 7.1;
				ONLY_ACTIVE_ARCH = YES;
				SDKROOT = iphoneos;
			};
			name = Debug;
		};
		929DF8B919CBCC9E006A1F16 /* Release */ = {
			isa = XCBuildConfiguration;
			buildSettings = {
				ALWAYS_SEARCH_USER_PATHS = NO;
				CLANG_CXX_LANGUAGE_STANDARD = "gnu++0x";
				CLANG_CXX_LIBRARY = "libc++";
				CLANG_ENABLE_MODULES = YES;
				CLANG_ENABLE_OBJC_ARC = YES;
				CLANG_WARN_BOOL_CONVERSION = YES;
				CLANG_WARN_CONSTANT_CONVERSION = YES;
				CLANG_WARN_DIRECT_OBJC_ISA_USAGE = YES_ERROR;
				CLANG_WARN_EMPTY_BODY = YES;
				CLANG_WARN_ENUM_CONVERSION = YES;
				CLANG_WARN_INT_CONVERSION = YES;
				CLANG_WARN_OBJC_ROOT_CLASS = YES_ERROR;
				CLANG_WARN__DUPLICATE_METHOD_MATCH = YES;
				"CODE_SIGN_IDENTITY[sdk=iphoneos*]" = "iPhone Developer";
				COPY_PHASE_STRIP = YES;
				ENABLE_NS_ASSERTIONS = NO;
				GCC_C_LANGUAGE_STANDARD = gnu99;
				GCC_WARN_64_TO_32_BIT_CONVERSION = YES;
				GCC_WARN_ABOUT_RETURN_TYPE = YES_ERROR;
				GCC_WARN_UNDECLARED_SELECTOR = YES;
				GCC_WARN_UNINITIALIZED_AUTOS = YES_AGGRESSIVE;
				GCC_WARN_UNUSED_FUNCTION = YES;
				GCC_WARN_UNUSED_VARIABLE = YES;
				IPHONEOS_DEPLOYMENT_TARGET = 7.1;
				SDKROOT = iphoneos;
				VALIDATE_PRODUCT = YES;
			};
			name = Release;
		};
		929DF8BB19CBCC9E006A1F16 /* Debug */ = {
			isa = XCBuildConfiguration;
			buildSettings = {
				ASSETCATALOG_COMPILER_APPICON_NAME = AppIcon;
				ASSETCATALOG_COMPILER_LAUNCHIMAGE_NAME = LaunchImage;
				GCC_PRECOMPILE_PREFIX_HEADER = YES;
				GCC_PREFIX_HEADER = "UNStoryboardTest/UNStoryboardTest-Prefix.pch";
				INFOPLIST_FILE = "UNStoryboardTest/UNStoryboardTest-Info.plist";
				PRODUCT_NAME = "$(TARGET_NAME)";
				WRAPPER_EXTENSION = app;
			};
			name = Debug;
		};
		929DF8BC19CBCC9E006A1F16 /* Release */ = {
			isa = XCBuildConfiguration;
			buildSettings = {
				ASSETCATALOG_COMPILER_APPICON_NAME = AppIcon;
				ASSETCATALOG_COMPILER_LAUNCHIMAGE_NAME = LaunchImage;
				GCC_PRECOMPILE_PREFIX_HEADER = YES;
				GCC_PREFIX_HEADER = "UNStoryboardTest/UNStoryboardTest-Prefix.pch";
				INFOPLIST_FILE = "UNStoryboardTest/UNStoryboardTest-Info.plist";
				PRODUCT_NAME = "$(TARGET_NAME)";
				WRAPPER_EXTENSION = app;
			};
			name = Release;
		};
		929DF8BE19CBCC9E006A1F16 /* Debug */ = {
			isa = XCBuildConfiguration;
			buildSettings = {
				BUNDLE_LOADER = "$(BUILT_PRODUCTS_DIR)/UNStoryboardTest.app/UNStoryboardTest";
				FRAMEWORK_SEARCH_PATHS = (
					"$(SDKROOT)/Developer/Library/Frameworks",
					"$(inherited)",
					"$(DEVELOPER_FRAMEWORKS_DIR)",
				);
				GCC_PRECOMPILE_PREFIX_HEADER = YES;
				GCC_PREFIX_HEADER = "UNStoryboardTest/UNStoryboardTest-Prefix.pch";
				GCC_PREPROCESSOR_DEFINITIONS = (
					"DEBUG=1",
					"$(inherited)",
				);
				INFOPLIST_FILE = "UNStoryboardTestTests/UNStoryboardTestTests-Info.plist";
				PRODUCT_NAME = "$(TARGET_NAME)";
				TEST_HOST = "$(BUNDLE_LOADER)";
				WRAPPER_EXTENSION = xctest;
			};
			name = Debug;
		};
		929DF8BF19CBCC9E006A1F16 /* Release */ = {
			isa = XCBuildConfiguration;
			buildSettings = {
				BUNDLE_LOADER = "$(BUILT_PRODUCTS_DIR)/UNStoryboardTest.app/UNStoryboardTest";
				FRAMEWORK_SEARCH_PATHS = (
					"$(SDKROOT)/Developer/Library/Frameworks",
					"$(inherited)",
					"$(DEVELOPER_FRAMEWORKS_DIR)",
				);
				GCC_PRECOMPILE_PREFIX_HEADER = YES;
				GCC_PREFIX_HEADER = "UNStoryboardTest/UNStoryboardTest-Prefix.pch";
				INFOPLIST_FILE = "UNStoryboardTestTests/UNStoryboardTestTests-Info.plist";
				PRODUCT_NAME = "$(TARGET_NAME)";
				TEST_HOST = "$(BUNDLE_LOADER)";
				WRAPPER_EXTENSION = xctest;
			};
			name = Release;
		};
/* End XCBuildConfiguration section */

/* Begin XCConfigurationList section */
		929DF88319CBCC9E006A1F16 /* Build configuration list for PBXProject "UNStoryboardTest" */ = {
			isa = XCConfigurationList;
			buildConfigurations = (
				929DF8B819CBCC9E006A1F16 /* Debug */,
				929DF8B919CBCC9E006A1F16 /* Release */,
			);
			defaultConfigurationIsVisible = 0;
			defaultConfigurationName = Release;
		};
		929DF8BA19CBCC9E006A1F16 /* Build configuration list for PBXNativeTarget "UNStoryboardTest" */ = {
			isa = XCConfigurationList;
			buildConfigurations = (
				929DF8BB19CBCC9E006A1F16 /* Debug */,
				929DF8BC19CBCC9E006A1F16 /* Release */,
			);
			defaultConfigurationIsVisible = 0;
		};
		929DF8BD19CBCC9E006A1F16 /* Build configuration list for PBXNativeTarget "UNStoryboardTestTests" */ = {
			isa = XCConfigurationList;
			buildConfigurations = (
				929DF8BE19CBCC9E006A1F16 /* Debug */,
				929DF8BF19CBCC9E006A1F16 /* Release */,
			);
			defaultConfigurationIsVisible = 0;
		};
/* End XCConfigurationList section */
	};
	rootObject = 929DF88019CBCC9E006A1F16 /* Project object */;
}
