// !$*UTF8*$!
{
	archiveVersion = 1;
	classes = {
	};
	objectVersion = 46;
	objects = {

/* Begin PBXBuildFile section */
		58B2B3771A8C94F200AE057F /* UNWebViewController2.m in Sources */ = {isa = PBXBuildFile; fileRef = 58B2B3751A8C94F200AE057F /* UNWebViewController2.m */; };
		58B2B3781A8C94F200AE057F /* UNWebViewController2.xib in Resources */ = {isa = PBXBuildFile; fileRef = 58B2B3761A8C94F200AE057F /* UNWebViewController2.xib */; };
		58B2B3B01A8C9D0100AE057F /* background2x.png in Resources */ = {isa = PBXBuildFile; fileRef = 58B2B37B1A8C9D0100AE057F /* background2x.png */; };
		58B2B3B11A8C9D0100AE057F /* bg.jpg in Resources */ = {isa = PBXBuildFile; fileRef = 58B2B37C1A8C9D0100AE057F /* bg.jpg */; };
		58B2B3B21A8C9D0100AE057F /* boke1.png in Resources */ = {isa = PBXBuildFile; fileRef = 58B2B37D1A8C9D0100AE057F /* boke1.png */; };
		58B2B3B31A8C9D0100AE057F /* boke2.png in Resources */ = {isa = PBXBuildFile; fileRef = 58B2B37E1A8C9D0100AE057F /* boke2.png */; };
		58B2B3B41A8C9D0100AE057F /* boke3.png in Resources */ = {isa = PBXBuildFile; fileRef = 58B2B37F1A8C9D0100AE057F /* boke3.png */; };
		58B2B3B51A8C9D0100AE057F /* boke4.png in Resources */ = {isa = PBXBuildFile; fileRef = 58B2B3801A8C9D0100AE057F /* boke4.png */; };
		58B2B3B61A8C9D0100AE057F /* btn_active.png in Resources */ = {isa = PBXBuildFile; fileRef = 58B2B3811A8C9D0100AE057F /* btn_active.png */; };
		58B2B3B71A8C9D0100AE057F /* btn_bkr.png in Resources */ = {isa = PBXBuildFile; fileRef = 58B2B3821A8C9D0100AE057F /* btn_bkr.png */; };
		58B2B3B81A8C9D0100AE057F /* btn_bkr_on.png in Resources */ = {isa = PBXBuildFile; fileRef = 58B2B3831A8C9D0100AE057F /* btn_bkr_on.png */; };
		58B2B3B91A8C9D0100AE057F /* btn_nonactive.png in Resources */ = {isa = PBXBuildFile; fileRef = 58B2B3841A8C9D0100AE057F /* btn_nonactive.png */; };
		58B2B3BA1A8C9D0100AE057F /* btn_on.png in Resources */ = {isa = PBXBuildFile; fileRef = 58B2B3851A8C9D0100AE057F /* btn_on.png */; };
		58B2B3BB1A8C9D0100AE057F /* btn_start2x.png in Resources */ = {isa = PBXBuildFile; fileRef = 58B2B3861A8C9D0100AE057F /* btn_start2x.png */; };
		58B2B3BC1A8C9D0100AE057F /* btn_start_bg2x.png in Resources */ = {isa = PBXBuildFile; fileRef = 58B2B3871A8C9D0100AE057F /* btn_start_bg2x.png */; };
		58B2B3BD1A8C9D0100AE057F /* btn_start_bg_on2x.png in Resources */ = {isa = PBXBuildFile; fileRef = 58B2B3881A8C9D0100AE057F /* btn_start_bg_on2x.png */; };
		58B2B3BE1A8C9D0100AE057F /* btn_start_on2x.png in Resources */ = {isa = PBXBuildFile; fileRef = 58B2B3891A8C9D0100AE057F /* btn_start_on2x.png */; };
		58B2B3BF1A8C9D0100AE057F /* card.png in Resources */ = {isa = PBXBuildFile; fileRef = 58B2B38A1A8C9D0100AE057F /* card.png */; };
		58B2B3C01A8C9D0100AE057F /* complete.png in Resources */ = {isa = PBXBuildFile; fileRef = 58B2B38B1A8C9D0100AE057F /* complete.png */; };
		58B2B3C11A8C9D0100AE057F /* dog.jpg in Resources */ = {isa = PBXBuildFile; fileRef = 58B2B38C1A8C9D0100AE057F /* dog.jpg */; };
		58B2B3C21A8C9D0100AE057F /* hand.png in Resources */ = {isa = PBXBuildFile; fileRef = 58B2B38D1A8C9D0100AE057F /* hand.png */; };
		58B2B3C31A8C9D0100AE057F /* icon.png in Resources */ = {isa = PBXBuildFile; fileRef = 58B2B38E1A8C9D0100AE057F /* icon.png */; };
		58B2B3C41A8C9D0100AE057F /* iPhone12x.png in Resources */ = {isa = PBXBuildFile; fileRef = 58B2B38F1A8C9D0100AE057F /* iPhone12x.png */; };
		58B2B3C51A8C9D0100AE057F /* iPhone22x.png in Resources */ = {isa = PBXBuildFile; fileRef = 58B2B3901A8C9D0100AE057F /* iPhone22x.png */; };
		58B2B3C61A8C9D0100AE057F /* iPhone32x.png in Resources */ = {isa = PBXBuildFile; fileRef = 58B2B3911A8C9D0100AE057F /* iPhone32x.png */; };
		58B2B3C71A8C9D0100AE057F /* man.png in Resources */ = {isa = PBXBuildFile; fileRef = 58B2B3921A8C9D0100AE057F /* man.png */; };
		58B2B3C81A8C9D0100AE057F /* man1.png in Resources */ = {isa = PBXBuildFile; fileRef = 58B2B3931A8C9D0100AE057F /* man1.png */; };
		58B2B3C91A8C9D0100AE057F /* man2.png in Resources */ = {isa = PBXBuildFile; fileRef = 58B2B3941A8C9D0100AE057F /* man2.png */; };
		58B2B3CA1A8C9D0100AE057F /* man3.png in Resources */ = {isa = PBXBuildFile; fileRef = 58B2B3951A8C9D0100AE057F /* man3.png */; };
		58B2B3CB1A8C9D0100AE057F /* man4.png in Resources */ = {isa = PBXBuildFile; fileRef = 58B2B3961A8C9D0100AE057F /* man4.png */; };
		58B2B3CC1A8C9D0100AE057F /* man5.png in Resources */ = {isa = PBXBuildFile; fileRef = 58B2B3971A8C9D0100AE057F /* man5.png */; };
		58B2B3CD1A8C9D0100AE057F /* man6.png in Resources */ = {isa = PBXBuildFile; fileRef = 58B2B3981A8C9D0100AE057F /* man6.png */; };
		58B2B3CE1A8C9D0100AE057F /* man7.png in Resources */ = {isa = PBXBuildFile; fileRef = 58B2B3991A8C9D0100AE057F /* man7.png */; };
		58B2B3CF1A8C9D0100AE057F /* man8.png in Resources */ = {isa = PBXBuildFile; fileRef = 58B2B39A1A8C9D0100AE057F /* man8.png */; };
		58B2B3D01A8C9D0100AE057F /* obi2x.png in Resources */ = {isa = PBXBuildFile; fileRef = 58B2B39B1A8C9D0100AE057F /* obi2x.png */; };
		58B2B3D11A8C9D0100AE057F /* people.png in Resources */ = {isa = PBXBuildFile; fileRef = 58B2B39C1A8C9D0100AE057F /* people.png */; };
		58B2B3D21A8C9D0100AE057F /* sp.png in Resources */ = {isa = PBXBuildFile; fileRef = 58B2B39D1A8C9D0100AE057F /* sp.png */; };
		58B2B3D31A8C9D0100AE057F /* star_l.png in Resources */ = {isa = PBXBuildFile; fileRef = 58B2B39E1A8C9D0100AE057F /* star_l.png */; };
		58B2B3D41A8C9D0100AE057F /* star_r.png in Resources */ = {isa = PBXBuildFile; fileRef = 58B2B39F1A8C9D0100AE057F /* star_r.png */; };
		58B2B3D51A8C9D0100AE057F /* text12x.png in Resources */ = {isa = PBXBuildFile; fileRef = 58B2B3A01A8C9D0100AE057F /* text12x.png */; };
		58B2B3D61A8C9D0100AE057F /* text22x.png in Resources */ = {isa = PBXBuildFile; fileRef = 58B2B3A11A8C9D0100AE057F /* text22x.png */; };
		58B2B3D71A8C9D0100AE057F /* text32x.png in Resources */ = {isa = PBXBuildFile; fileRef = 58B2B3A21A8C9D0100AE057F /* text32x.png */; };
		58B2B3D81A8C9D0100AE057F /* text_start2x.png in Resources */ = {isa = PBXBuildFile; fileRef = 58B2B3A31A8C9D0100AE057F /* text_start2x.png */; };
		58B2B3D91A8C9D0100AE057F /* washi2x.png in Resources */ = {isa = PBXBuildFile; fileRef = 58B2B3A41A8C9D0100AE057F /* washi2x.png */; };
		58B2B3DA1A8C9D0100AE057F /* zabuton0.png in Resources */ = {isa = PBXBuildFile; fileRef = 58B2B3A51A8C9D0100AE057F /* zabuton0.png */; };
		58B2B3DB1A8C9D0100AE057F /* zabuton1.png in Resources */ = {isa = PBXBuildFile; fileRef = 58B2B3A61A8C9D0100AE057F /* zabuton1.png */; };
		58B2B3DC1A8C9D0100AE057F /* zabuton2.png in Resources */ = {isa = PBXBuildFile; fileRef = 58B2B3A71A8C9D0100AE057F /* zabuton2.png */; };
		58B2B3DD1A8C9D0100AE057F /* zabuton3.png in Resources */ = {isa = PBXBuildFile; fileRef = 58B2B3A81A8C9D0100AE057F /* zabuton3.png */; };
		58B2B3DE1A8C9D0100AE057F /* zabuton_s.png in Resources */ = {isa = PBXBuildFile; fileRef = 58B2B3A91A8C9D0100AE057F /* zabuton_s.png */; };
		58B2B3DF1A8C9D0100AE057F /* tutorial1_nobg.html in Resources */ = {isa = PBXBuildFile; fileRef = 58B2B3AA1A8C9D0100AE057F /* tutorial1_nobg.html */; };
		58B2B3E01A8C9D0100AE057F /* tutorial1_nobg.js in Resources */ = {isa = PBXBuildFile; fileRef = 58B2B3AB1A8C9D0100AE057F /* tutorial1_nobg.js */; };
		58B2B3E11A8C9D0100AE057F /* tutorial2_nobg.html in Resources */ = {isa = PBXBuildFile; fileRef = 58B2B3AC1A8C9D0100AE057F /* tutorial2_nobg.html */; };
		58B2B3E21A8C9D0100AE057F /* tutorial2_nobg.js in Resources */ = {isa = PBXBuildFile; fileRef = 58B2B3AD1A8C9D0100AE057F /* tutorial2_nobg.js */; };
		58B2B3E31A8C9D0100AE057F /* tutorial3_nobg.html in Resources */ = {isa = PBXBuildFile; fileRef = 58B2B3AE1A8C9D0100AE057F /* tutorial3_nobg.html */; };
		58B2B3E41A8C9D0100AE057F /* tutorial3_nobg.js in Resources */ = {isa = PBXBuildFile; fileRef = 58B2B3AF1A8C9D0100AE057F /* tutorial3_nobg.js */; };
		58B2B3E61A8C9F2500AE057F /* test1.html in Resources */ = {isa = PBXBuildFile; fileRef = 58B2B3E51A8C9F2500AE057F /* test1.html */; };
		58B2B3E91A8DD83E00AE057F /* UNTutorialWebView.m in Sources */ = {isa = PBXBuildFile; fileRef = 58B2B3E81A8DD83E00AE057F /* UNTutorialWebView.m */; };
		58B2B3EC1A8DEDCC00AE057F /* UNTitleImageView.m in Sources */ = {isa = PBXBuildFile; fileRef = 58B2B3EB1A8DEDCC00AE057F /* UNTitleImageView.m */; };
		58B2B4FA1A8E1F3700AE057F /* easeljs-0.7.1.min.js in Resources */ = {isa = PBXBuildFile; fileRef = 58B2B4F61A8E1F3700AE057F /* easeljs-0.7.1.min.js */; };
		58B2B4FB1A8E1F3700AE057F /* movieclip-0.7.1.min.js in Resources */ = {isa = PBXBuildFile; fileRef = 58B2B4F71A8E1F3700AE057F /* movieclip-0.7.1.min.js */; };
		58B2B4FC1A8E1F3700AE057F /* preloadjs-0.4.1.min.js in Resources */ = {isa = PBXBuildFile; fileRef = 58B2B4F81A8E1F3700AE057F /* preloadjs-0.4.1.min.js */; };
		58B2B4FD1A8E1F3700AE057F /* tweenjs-0.5.1.min.js in Resources */ = {isa = PBXBuildFile; fileRef = 58B2B4F91A8E1F3700AE057F /* tweenjs-0.5.1.min.js */; };
		79784EE419A8C31C0035537B /* Foundation.framework in Frameworks */ = {isa = PBXBuildFile; fileRef = 79784EE319A8C31C0035537B /* Foundation.framework */; };
		79784EE619A8C31C0035537B /* CoreGraphics.framework in Frameworks */ = {isa = PBXBuildFile; fileRef = 79784EE519A8C31C0035537B /* CoreGraphics.framework */; };
		79784EE819A8C31C0035537B /* UIKit.framework in Frameworks */ = {isa = PBXBuildFile; fileRef = 79784EE719A8C31C0035537B /* UIKit.framework */; };
		79784EEE19A8C31C0035537B /* InfoPlist.strings in Resources */ = {isa = PBXBuildFile; fileRef = 79784EEC19A8C31C0035537B /* InfoPlist.strings */; };
		79784EF019A8C31C0035537B /* main.m in Sources */ = {isa = PBXBuildFile; fileRef = 79784EEF19A8C31C0035537B /* main.m */; };
		79784EF419A8C31C0035537B /* AppDelegate.m in Sources */ = {isa = PBXBuildFile; fileRef = 79784EF319A8C31C0035537B /* AppDelegate.m */; };
		79784EFC19A8C31C0035537B /* Images.xcassets in Resources */ = {isa = PBXBuildFile; fileRef = 79784EFB19A8C31C0035537B /* Images.xcassets */; };
		79784F0319A8C31C0035537B /* XCTest.framework in Frameworks */ = {isa = PBXBuildFile; fileRef = 79784F0219A8C31C0035537B /* XCTest.framework */; };
		79784F0419A8C31C0035537B /* Foundation.framework in Frameworks */ = {isa = PBXBuildFile; fileRef = 79784EE319A8C31C0035537B /* Foundation.framework */; };
		79784F0519A8C31C0035537B /* UIKit.framework in Frameworks */ = {isa = PBXBuildFile; fileRef = 79784EE719A8C31C0035537B /* UIKit.framework */; };
		79784F0D19A8C31C0035537B /* InfoPlist.strings in Resources */ = {isa = PBXBuildFile; fileRef = 79784F0B19A8C31C0035537B /* InfoPlist.strings */; };
		79784F0F19A8C31C0035537B /* UNWebViewControllerTests.m in Sources */ = {isa = PBXBuildFile; fileRef = 79784F0E19A8C31C0035537B /* UNWebViewControllerTests.m */; };
		79784F1B19A8C3B60035537B /* UNWebViewController.m in Sources */ = {isa = PBXBuildFile; fileRef = 79784F1919A8C3B60035537B /* UNWebViewController.m */; };
		79784F1C19A8C3B60035537B /* UNWebViewController.xib in Resources */ = {isa = PBXBuildFile; fileRef = 79784F1A19A8C3B60035537B /* UNWebViewController.xib */; };
/* End PBXBuildFile section */

/* Begin PBXContainerItemProxy section */
		79784F0619A8C31C0035537B /* PBXContainerItemProxy */ = {
			isa = PBXContainerItemProxy;
			containerPortal = 79784ED819A8C31C0035537B /* Project object */;
			proxyType = 1;
			remoteGlobalIDString = 79784EDF19A8C31C0035537B;
			remoteInfo = UNWebViewController;
		};
/* End PBXContainerItemProxy section */

/* Begin PBXFileReference section */
		58B2B3741A8C94F200AE057F /* UNWebViewController2.h */ = {isa = PBXFileReference; fileEncoding = 4; lastKnownFileType = sourcecode.c.h; path = UNWebViewController2.h; sourceTree = "<group>"; };
		58B2B3751A8C94F200AE057F /* UNWebViewController2.m */ = {isa = PBXFileReference; fileEncoding = 4; lastKnownFileType = sourcecode.c.objc; path = UNWebViewController2.m; sourceTree = "<group>"; };
		58B2B3761A8C94F200AE057F /* UNWebViewController2.xib */ = {isa = PBXFileReference; fileEncoding = 4; lastKnownFileType = file.xib; path = UNWebViewController2.xib; sourceTree = "<group>"; };
		58B2B37B1A8C9D0100AE057F /* background2x.png */ = {isa = PBXFileReference; lastKnownFileType = image.png; path = background2x.png; sourceTree = "<group>"; };
		58B2B37C1A8C9D0100AE057F /* bg.jpg */ = {isa = PBXFileReference; lastKnownFileType = image.jpeg; path = bg.jpg; sourceTree = "<group>"; };
		58B2B37D1A8C9D0100AE057F /* boke1.png */ = {isa = PBXFileReference; lastKnownFileType = image.png; path = boke1.png; sourceTree = "<group>"; };
		58B2B37E1A8C9D0100AE057F /* boke2.png */ = {isa = PBXFileReference; lastKnownFileType = image.png; path = boke2.png; sourceTree = "<group>"; };
		58B2B37F1A8C9D0100AE057F /* boke3.png */ = {isa = PBXFileReference; lastKnownFileType = image.png; path = boke3.png; sourceTree = "<group>"; };
		58B2B3801A8C9D0100AE057F /* boke4.png */ = {isa = PBXFileReference; lastKnownFileType = image.png; path = boke4.png; sourceTree = "<group>"; };
		58B2B3811A8C9D0100AE057F /* btn_active.png */ = {isa = PBXFileReference; lastKnownFileType = image.png; path = btn_active.png; sourceTree = "<group>"; };
		58B2B3821A8C9D0100AE057F /* btn_bkr.png */ = {isa = PBXFileReference; lastKnownFileType = image.png; path = btn_bkr.png; sourceTree = "<group>"; };
		58B2B3831A8C9D0100AE057F /* btn_bkr_on.png */ = {isa = PBXFileReference; lastKnownFileType = image.png; path = btn_bkr_on.png; sourceTree = "<group>"; };
		58B2B3841A8C9D0100AE057F /* btn_nonactive.png */ = {isa = PBXFileReference; lastKnownFileType = image.png; path = btn_nonactive.png; sourceTree = "<group>"; };
		58B2B3851A8C9D0100AE057F /* btn_on.png */ = {isa = PBXFileReference; lastKnownFileType = image.png; path = btn_on.png; sourceTree = "<group>"; };
		58B2B3861A8C9D0100AE057F /* btn_start2x.png */ = {isa = PBXFileReference; lastKnownFileType = image.png; path = btn_start2x.png; sourceTree = "<group>"; };
		58B2B3871A8C9D0100AE057F /* btn_start_bg2x.png */ = {isa = PBXFileReference; lastKnownFileType = image.png; path = btn_start_bg2x.png; sourceTree = "<group>"; };
		58B2B3881A8C9D0100AE057F /* btn_start_bg_on2x.png */ = {isa = PBXFileReference; lastKnownFileType = image.png; path = btn_start_bg_on2x.png; sourceTree = "<group>"; };
		58B2B3891A8C9D0100AE057F /* btn_start_on2x.png */ = {isa = PBXFileReference; lastKnownFileType = image.png; path = btn_start_on2x.png; sourceTree = "<group>"; };
		58B2B38A1A8C9D0100AE057F /* card.png */ = {isa = PBXFileReference; lastKnownFileType = image.png; path = card.png; sourceTree = "<group>"; };
		58B2B38B1A8C9D0100AE057F /* complete.png */ = {isa = PBXFileReference; lastKnownFileType = image.png; path = complete.png; sourceTree = "<group>"; };
		58B2B38C1A8C9D0100AE057F /* dog.jpg */ = {isa = PBXFileReference; lastKnownFileType = image.jpeg; path = dog.jpg; sourceTree = "<group>"; };
		58B2B38D1A8C9D0100AE057F /* hand.png */ = {isa = PBXFileReference; lastKnownFileType = image.png; path = hand.png; sourceTree = "<group>"; };
		58B2B38E1A8C9D0100AE057F /* icon.png */ = {isa = PBXFileReference; lastKnownFileType = image.png; path = icon.png; sourceTree = "<group>"; };
		58B2B38F1A8C9D0100AE057F /* iPhone12x.png */ = {isa = PBXFileReference; lastKnownFileType = image.png; path = iPhone12x.png; sourceTree = "<group>"; };
		58B2B3901A8C9D0100AE057F /* iPhone22x.png */ = {isa = PBXFileReference; lastKnownFileType = image.png; path = iPhone22x.png; sourceTree = "<group>"; };
		58B2B3911A8C9D0100AE057F /* iPhone32x.png */ = {isa = PBXFileReference; lastKnownFileType = image.png; path = iPhone32x.png; sourceTree = "<group>"; };
		58B2B3921A8C9D0100AE057F /* man.png */ = {isa = PBXFileReference; lastKnownFileType = image.png; path = man.png; sourceTree = "<group>"; };
		58B2B3931A8C9D0100AE057F /* man1.png */ = {isa = PBXFileReference; lastKnownFileType = image.png; path = man1.png; sourceTree = "<group>"; };
		58B2B3941A8C9D0100AE057F /* man2.png */ = {isa = PBXFileReference; lastKnownFileType = image.png; path = man2.png; sourceTree = "<group>"; };
		58B2B3951A8C9D0100AE057F /* man3.png */ = {isa = PBXFileReference; lastKnownFileType = image.png; path = man3.png; sourceTree = "<group>"; };
		58B2B3961A8C9D0100AE057F /* man4.png */ = {isa = PBXFileReference; lastKnownFileType = image.png; path = man4.png; sourceTree = "<group>"; };
		58B2B3971A8C9D0100AE057F /* man5.png */ = {isa = PBXFileReference; lastKnownFileType = image.png; path = man5.png; sourceTree = "<group>"; };
		58B2B3981A8C9D0100AE057F /* man6.png */ = {isa = PBXFileReference; lastKnownFileType = image.png; path = man6.png; sourceTree = "<group>"; };
		58B2B3991A8C9D0100AE057F /* man7.png */ = {isa = PBXFileReference; lastKnownFileType = image.png; path = man7.png; sourceTree = "<group>"; };
		58B2B39A1A8C9D0100AE057F /* man8.png */ = {isa = PBXFileReference; lastKnownFileType = image.png; path = man8.png; sourceTree = "<group>"; };
		58B2B39B1A8C9D0100AE057F /* obi2x.png */ = {isa = PBXFileReference; lastKnownFileType = image.png; path = obi2x.png; sourceTree = "<group>"; };
		58B2B39C1A8C9D0100AE057F /* people.png */ = {isa = PBXFileReference; lastKnownFileType = image.png; path = people.png; sourceTree = "<group>"; };
		58B2B39D1A8C9D0100AE057F /* sp.png */ = {isa = PBXFileReference; lastKnownFileType = image.png; path = sp.png; sourceTree = "<group>"; };
		58B2B39E1A8C9D0100AE057F /* star_l.png */ = {isa = PBXFileReference; lastKnownFileType = image.png; path = star_l.png; sourceTree = "<group>"; };
		58B2B39F1A8C9D0100AE057F /* star_r.png */ = {isa = PBXFileReference; lastKnownFileType = image.png; path = star_r.png; sourceTree = "<group>"; };
		58B2B3A01A8C9D0100AE057F /* text12x.png */ = {isa = PBXFileReference; lastKnownFileType = image.png; path = text12x.png; sourceTree = "<group>"; };
		58B2B3A11A8C9D0100AE057F /* text22x.png */ = {isa = PBXFileReference; lastKnownFileType = image.png; path = text22x.png; sourceTree = "<group>"; };
		58B2B3A21A8C9D0100AE057F /* text32x.png */ = {isa = PBXFileReference; lastKnownFileType = image.png; path = text32x.png; sourceTree = "<group>"; };
		58B2B3A31A8C9D0100AE057F /* text_start2x.png */ = {isa = PBXFileReference; lastKnownFileType = image.png; path = text_start2x.png; sourceTree = "<group>"; };
		58B2B3A41A8C9D0100AE057F /* washi2x.png */ = {isa = PBXFileReference; lastKnownFileType = image.png; path = washi2x.png; sourceTree = "<group>"; };
		58B2B3A51A8C9D0100AE057F /* zabuton0.png */ = {isa = PBXFileReference; lastKnownFileType = image.png; path = zabuton0.png; sourceTree = "<group>"; };
		58B2B3A61A8C9D0100AE057F /* zabuton1.png */ = {isa = PBXFileReference; lastKnownFileType = image.png; path = zabuton1.png; sourceTree = "<group>"; };
		58B2B3A71A8C9D0100AE057F /* zabuton2.png */ = {isa = PBXFileReference; lastKnownFileType = image.png; path = zabuton2.png; sourceTree = "<group>"; };
		58B2B3A81A8C9D0100AE057F /* zabuton3.png */ = {isa = PBXFileReference; lastKnownFileType = image.png; path = zabuton3.png; sourceTree = "<group>"; };
		58B2B3A91A8C9D0100AE057F /* zabuton_s.png */ = {isa = PBXFileReference; lastKnownFileType = image.png; path = zabuton_s.png; sourceTree = "<group>"; };
		58B2B3AA1A8C9D0100AE057F /* tutorial1_nobg.html */ = {isa = PBXFileReference; fileEncoding = 4; lastKnownFileType = text.html; name = tutorial1_nobg.html; path = UNWebViewControllerTests/resource/tutorial1_nobg.html; sourceTree = "<group>"; };
		58B2B3AB1A8C9D0100AE057F /* tutorial1_nobg.js */ = {isa = PBXFileReference; fileEncoding = 4; lastKnownFileType = sourcecode.javascript; name = tutorial1_nobg.js; path = UNWebViewControllerTests/resource/tutorial1_nobg.js; sourceTree = "<group>"; };
		58B2B3AC1A8C9D0100AE057F /* tutorial2_nobg.html */ = {isa = PBXFileReference; fileEncoding = 4; lastKnownFileType = text.html; name = tutorial2_nobg.html; path = UNWebViewControllerTests/resource/tutorial2_nobg.html; sourceTree = "<group>"; };
		58B2B3AD1A8C9D0100AE057F /* tutorial2_nobg.js */ = {isa = PBXFileReference; fileEncoding = 4; lastKnownFileType = sourcecode.javascript; name = tutorial2_nobg.js; path = UNWebViewControllerTests/resource/tutorial2_nobg.js; sourceTree = "<group>"; };
		58B2B3AE1A8C9D0100AE057F /* tutorial3_nobg.html */ = {isa = PBXFileReference; fileEncoding = 4; lastKnownFileType = text.html; name = tutorial3_nobg.html; path = UNWebViewControllerTests/resource/tutorial3_nobg.html; sourceTree = "<group>"; };
		58B2B3AF1A8C9D0100AE057F /* tutorial3_nobg.js */ = {isa = PBXFileReference; fileEncoding = 4; lastKnownFileType = sourcecode.javascript; name = tutorial3_nobg.js; path = UNWebViewControllerTests/resource/tutorial3_nobg.js; sourceTree = "<group>"; };
		58B2B3E51A8C9F2500AE057F /* test1.html */ = {isa = PBXFileReference; fileEncoding = 4; lastKnownFileType = text.html; name = test1.html; path = UNWebViewControllerTests/resource/test1.html; sourceTree = "<group>"; };
		58B2B3E71A8DD83E00AE057F /* UNTutorialWebView.h */ = {isa = PBXFileReference; fileEncoding = 4; lastKnownFileType = sourcecode.c.h; path = UNTutorialWebView.h; sourceTree = "<group>"; };
		58B2B3E81A8DD83E00AE057F /* UNTutorialWebView.m */ = {isa = PBXFileReference; fileEncoding = 4; lastKnownFileType = sourcecode.c.objc; path = UNTutorialWebView.m; sourceTree = "<group>"; };
		58B2B3EA1A8DEDCC00AE057F /* UNTitleImageView.h */ = {isa = PBXFileReference; fileEncoding = 4; lastKnownFileType = sourcecode.c.h; path = UNTitleImageView.h; sourceTree = "<group>"; };
		58B2B3EB1A8DEDCC00AE057F /* UNTitleImageView.m */ = {isa = PBXFileReference; fileEncoding = 4; lastKnownFileType = sourcecode.c.objc; path = UNTitleImageView.m; sourceTree = "<group>"; };
		58B2B4F61A8E1F3700AE057F /* easeljs-0.7.1.min.js */ = {isa = PBXFileReference; fileEncoding = 4; lastKnownFileType = sourcecode.javascript; name = "easeljs-0.7.1.min.js"; path = "UNWebViewControllerTests/resource/easeljs-0.7.1.min.js"; sourceTree = "<group>"; };
		58B2B4F71A8E1F3700AE057F /* movieclip-0.7.1.min.js */ = {isa = PBXFileReference; fileEncoding = 4; lastKnownFileType = sourcecode.javascript; name = "movieclip-0.7.1.min.js"; path = "UNWebViewControllerTests/resource/movieclip-0.7.1.min.js"; sourceTree = "<group>"; };
		58B2B4F81A8E1F3700AE057F /* preloadjs-0.4.1.min.js */ = {isa = PBXFileReference; fileEncoding = 4; lastKnownFileType = sourcecode.javascript; name = "preloadjs-0.4.1.min.js"; path = "UNWebViewControllerTests/resource/preloadjs-0.4.1.min.js"; sourceTree = "<group>"; };
		58B2B4F91A8E1F3700AE057F /* tweenjs-0.5.1.min.js */ = {isa = PBXFileReference; fileEncoding = 4; lastKnownFileType = sourcecode.javascript; name = "tweenjs-0.5.1.min.js"; path = "UNWebViewControllerTests/resource/tweenjs-0.5.1.min.js"; sourceTree = "<group>"; };
		79784EE019A8C31C0035537B /* UNWebViewController.app */ = {isa = PBXFileReference; explicitFileType = wrapper.application; includeInIndex = 0; path = UNWebViewController.app; sourceTree = BUILT_PRODUCTS_DIR; };
		79784EE319A8C31C0035537B /* Foundation.framework */ = {isa = PBXFileReference; lastKnownFileType = wrapper.framework; name = Foundation.framework; path = System/Library/Frameworks/Foundation.framework; sourceTree = SDKROOT; };
		79784EE519A8C31C0035537B /* CoreGraphics.framework */ = {isa = PBXFileReference; lastKnownFileType = wrapper.framework; name = CoreGraphics.framework; path = System/Library/Frameworks/CoreGraphics.framework; sourceTree = SDKROOT; };
		79784EE719A8C31C0035537B /* UIKit.framework */ = {isa = PBXFileReference; lastKnownFileType = wrapper.framework; name = UIKit.framework; path = System/Library/Frameworks/UIKit.framework; sourceTree = SDKROOT; };
		79784EEB19A8C31C0035537B /* UNWebViewController-Info.plist */ = {isa = PBXFileReference; lastKnownFileType = text.plist.xml; path = "UNWebViewController-Info.plist"; sourceTree = "<group>"; };
		79784EED19A8C31C0035537B /* en */ = {isa = PBXFileReference; lastKnownFileType = text.plist.strings; name = en; path = en.lproj/InfoPlist.strings; sourceTree = "<group>"; };
		79784EEF19A8C31C0035537B /* main.m */ = {isa = PBXFileReference; lastKnownFileType = sourcecode.c.objc; path = main.m; sourceTree = "<group>"; };
		79784EF119A8C31C0035537B /* UNWebViewController-Prefix.pch */ = {isa = PBXFileReference; lastKnownFileType = sourcecode.c.h; path = "UNWebViewController-Prefix.pch"; sourceTree = "<group>"; };
		79784EF219A8C31C0035537B /* AppDelegate.h */ = {isa = PBXFileReference; lastKnownFileType = sourcecode.c.h; path = AppDelegate.h; sourceTree = "<group>"; };
		79784EF319A8C31C0035537B /* AppDelegate.m */ = {isa = PBXFileReference; lastKnownFileType = sourcecode.c.objc; path = AppDelegate.m; sourceTree = "<group>"; };
		79784EFB19A8C31C0035537B /* Images.xcassets */ = {isa = PBXFileReference; lastKnownFileType = folder.assetcatalog; path = Images.xcassets; sourceTree = "<group>"; };
		79784F0119A8C31C0035537B /* UNWebViewControllerTests.xctest */ = {isa = PBXFileReference; explicitFileType = wrapper.cfbundle; includeInIndex = 0; path = UNWebViewControllerTests.xctest; sourceTree = BUILT_PRODUCTS_DIR; };
		79784F0219A8C31C0035537B /* XCTest.framework */ = {isa = PBXFileReference; lastKnownFileType = wrapper.framework; name = XCTest.framework; path = Library/Frameworks/XCTest.framework; sourceTree = DEVELOPER_DIR; };
		79784F0A19A8C31C0035537B /* UNWebViewControllerTests-Info.plist */ = {isa = PBXFileReference; lastKnownFileType = text.plist.xml; path = "UNWebViewControllerTests-Info.plist"; sourceTree = "<group>"; };
		79784F0C19A8C31C0035537B /* en */ = {isa = PBXFileReference; lastKnownFileType = text.plist.strings; name = en; path = en.lproj/InfoPlist.strings; sourceTree = "<group>"; };
		79784F0E19A8C31C0035537B /* UNWebViewControllerTests.m */ = {isa = PBXFileReference; lastKnownFileType = sourcecode.c.objc; path = UNWebViewControllerTests.m; sourceTree = "<group>"; };
		79784F1819A8C3B60035537B /* UNWebViewController.h */ = {isa = PBXFileReference; fileEncoding = 4; lastKnownFileType = sourcecode.c.h; path = UNWebViewController.h; sourceTree = "<group>"; };
		79784F1919A8C3B60035537B /* UNWebViewController.m */ = {isa = PBXFileReference; fileEncoding = 4; lastKnownFileType = sourcecode.c.objc; path = UNWebViewController.m; sourceTree = "<group>"; };
		79784F1A19A8C3B60035537B /* UNWebViewController.xib */ = {isa = PBXFileReference; fileEncoding = 4; lastKnownFileType = file.xib; path = UNWebViewController.xib; sourceTree = "<group>"; };
/* End PBXFileReference section */

/* Begin PBXFrameworksBuildPhase section */
		79784EDD19A8C31C0035537B /* Frameworks */ = {
			isa = PBXFrameworksBuildPhase;
			buildActionMask = 2147483647;
			files = (
				79784EE619A8C31C0035537B /* CoreGraphics.framework in Frameworks */,
				79784EE819A8C31C0035537B /* UIKit.framework in Frameworks */,
				79784EE419A8C31C0035537B /* Foundation.framework in Frameworks */,
			);
			runOnlyForDeploymentPostprocessing = 0;
		};
		79784EFE19A8C31C0035537B /* Frameworks */ = {
			isa = PBXFrameworksBuildPhase;
			buildActionMask = 2147483647;
			files = (
				79784F0319A8C31C0035537B /* XCTest.framework in Frameworks */,
				79784F0519A8C31C0035537B /* UIKit.framework in Frameworks */,
				79784F0419A8C31C0035537B /* Foundation.framework in Frameworks */,
			);
			runOnlyForDeploymentPostprocessing = 0;
		};
/* End PBXFrameworksBuildPhase section */

/* Begin PBXGroup section */
		58B2B3721A8C94C300AE057F /* test1 */ = {
			isa = PBXGroup;
			children = (
				79784F1819A8C3B60035537B /* UNWebViewController.h */,
				79784F1919A8C3B60035537B /* UNWebViewController.m */,
				79784F1A19A8C3B60035537B /* UNWebViewController.xib */,
			);
			name = test1;
			sourceTree = "<group>";
		};
		58B2B3731A8C94CD00AE057F /* test2 */ = {
			isa = PBXGroup;
			children = (
				58B2B3741A8C94F200AE057F /* UNWebViewController2.h */,
				58B2B3751A8C94F200AE057F /* UNWebViewController2.m */,
				58B2B3761A8C94F200AE057F /* UNWebViewController2.xib */,
				58B2B3E71A8DD83E00AE057F /* UNTutorialWebView.h */,
				58B2B3E81A8DD83E00AE057F /* UNTutorialWebView.m */,
				58B2B3EA1A8DEDCC00AE057F /* UNTitleImageView.h */,
				58B2B3EB1A8DEDCC00AE057F /* UNTitleImageView.m */,
			);
			name = test2;
			sourceTree = "<group>";
		};
		58B2B3791A8C9CDD00AE057F /* Resources */ = {
			isa = PBXGroup;
			children = (
				58B2B3E51A8C9F2500AE057F /* test1.html */,
				58B2B4F61A8E1F3700AE057F /* easeljs-0.7.1.min.js */,
				58B2B4F71A8E1F3700AE057F /* movieclip-0.7.1.min.js */,
				58B2B4F81A8E1F3700AE057F /* preloadjs-0.4.1.min.js */,
				58B2B4F91A8E1F3700AE057F /* tweenjs-0.5.1.min.js */,
				58B2B37A1A8C9D0100AE057F /* images */,
				58B2B3AA1A8C9D0100AE057F /* tutorial1_nobg.html */,
				58B2B3AB1A8C9D0100AE057F /* tutorial1_nobg.js */,
				58B2B3AC1A8C9D0100AE057F /* tutorial2_nobg.html */,
				58B2B3AD1A8C9D0100AE057F /* tutorial2_nobg.js */,
				58B2B3AE1A8C9D0100AE057F /* tutorial3_nobg.html */,
				58B2B3AF1A8C9D0100AE057F /* tutorial3_nobg.js */,
			);
			name = Resources;
			sourceTree = "<group>";
		};
		58B2B37A1A8C9D0100AE057F /* images */ = {
			isa = PBXGroup;
			children = (
				58B2B37B1A8C9D0100AE057F /* background2x.png */,
				58B2B37C1A8C9D0100AE057F /* bg.jpg */,
				58B2B37D1A8C9D0100AE057F /* boke1.png */,
				58B2B37E1A8C9D0100AE057F /* boke2.png */,
				58B2B37F1A8C9D0100AE057F /* boke3.png */,
				58B2B3801A8C9D0100AE057F /* boke4.png */,
				58B2B3811A8C9D0100AE057F /* btn_active.png */,
				58B2B3821A8C9D0100AE057F /* btn_bkr.png */,
				58B2B3831A8C9D0100AE057F /* btn_bkr_on.png */,
				58B2B3841A8C9D0100AE057F /* btn_nonactive.png */,
				58B2B3851A8C9D0100AE057F /* btn_on.png */,
				58B2B3861A8C9D0100AE057F /* btn_start2x.png */,
				58B2B3871A8C9D0100AE057F /* btn_start_bg2x.png */,
				58B2B3881A8C9D0100AE057F /* btn_start_bg_on2x.png */,
				58B2B3891A8C9D0100AE057F /* btn_start_on2x.png */,
				58B2B38A1A8C9D0100AE057F /* card.png */,
				58B2B38B1A8C9D0100AE057F /* complete.png */,
				58B2B38C1A8C9D0100AE057F /* dog.jpg */,
				58B2B38D1A8C9D0100AE057F /* hand.png */,
				58B2B38E1A8C9D0100AE057F /* icon.png */,
				58B2B38F1A8C9D0100AE057F /* iPhone12x.png */,
				58B2B3901A8C9D0100AE057F /* iPhone22x.png */,
				58B2B3911A8C9D0100AE057F /* iPhone32x.png */,
				58B2B3921A8C9D0100AE057F /* man.png */,
				58B2B3931A8C9D0100AE057F /* man1.png */,
				58B2B3941A8C9D0100AE057F /* man2.png */,
				58B2B3951A8C9D0100AE057F /* man3.png */,
				58B2B3961A8C9D0100AE057F /* man4.png */,
				58B2B3971A8C9D0100AE057F /* man5.png */,
				58B2B3981A8C9D0100AE057F /* man6.png */,
				58B2B3991A8C9D0100AE057F /* man7.png */,
				58B2B39A1A8C9D0100AE057F /* man8.png */,
				58B2B39B1A8C9D0100AE057F /* obi2x.png */,
				58B2B39C1A8C9D0100AE057F /* people.png */,
				58B2B39D1A8C9D0100AE057F /* sp.png */,
				58B2B39E1A8C9D0100AE057F /* star_l.png */,
				58B2B39F1A8C9D0100AE057F /* star_r.png */,
				58B2B3A01A8C9D0100AE057F /* text12x.png */,
				58B2B3A11A8C9D0100AE057F /* text22x.png */,
				58B2B3A21A8C9D0100AE057F /* text32x.png */,
				58B2B3A31A8C9D0100AE057F /* text_start2x.png */,
				58B2B3A41A8C9D0100AE057F /* washi2x.png */,
				58B2B3A51A8C9D0100AE057F /* zabuton0.png */,
				58B2B3A61A8C9D0100AE057F /* zabuton1.png */,
				58B2B3A71A8C9D0100AE057F /* zabuton2.png */,
				58B2B3A81A8C9D0100AE057F /* zabuton3.png */,
				58B2B3A91A8C9D0100AE057F /* zabuton_s.png */,
			);
			name = images;
			path = UNWebViewControllerTests/resource/images;
			sourceTree = "<group>";
		};
		58B2B3F31A8DF1C200AE057F /* Category */ = {
			isa = PBXGroup;
			children = (
			);
			name = Category;
			sourceTree = "<group>";
		};
		79784ED719A8C31C0035537B = {
			isa = PBXGroup;
			children = (
				79784EE919A8C31C0035537B /* UNWebViewController */,
				58B2B3791A8C9CDD00AE057F /* Resources */,
				79784F0819A8C31C0035537B /* UNWebViewControllerTests */,
				79784EE219A8C31C0035537B /* Frameworks */,
				79784EE119A8C31C0035537B /* Products */,
			);
			sourceTree = "<group>";
		};
		79784EE119A8C31C0035537B /* Products */ = {
			isa = PBXGroup;
			children = (
				79784EE019A8C31C0035537B /* UNWebViewController.app */,
				79784F0119A8C31C0035537B /* UNWebViewControllerTests.xctest */,
			);
			name = Products;
			sourceTree = "<group>";
		};
		79784EE219A8C31C0035537B /* Frameworks */ = {
			isa = PBXGroup;
			children = (
				79784EE319A8C31C0035537B /* Foundation.framework */,
				79784EE519A8C31C0035537B /* CoreGraphics.framework */,
				79784EE719A8C31C0035537B /* UIKit.framework */,
				79784F0219A8C31C0035537B /* XCTest.framework */,
			);
			name = Frameworks;
			sourceTree = "<group>";
		};
		79784EE919A8C31C0035537B /* UNWebViewController */ = {
			isa = PBXGroup;
			children = (
				58B2B3721A8C94C300AE057F /* test1 */,
				58B2B3731A8C94CD00AE057F /* test2 */,
				79784EF219A8C31C0035537B /* AppDelegate.h */,
				79784EF319A8C31C0035537B /* AppDelegate.m */,
				58B2B3F31A8DF1C200AE057F /* Category */,
				79784EFB19A8C31C0035537B /* Images.xcassets */,
				79784EEA19A8C31C0035537B /* Supporting Files */,
			);
			path = UNWebViewController;
			sourceTree = "<group>";
		};
		79784EEA19A8C31C0035537B /* Supporting Files */ = {
			isa = PBXGroup;
			children = (
				79784EEB19A8C31C0035537B /* UNWebViewController-Info.plist */,
				79784EEC19A8C31C0035537B /* InfoPlist.strings */,
				79784EEF19A8C31C0035537B /* main.m */,
				79784EF119A8C31C0035537B /* UNWebViewController-Prefix.pch */,
			);
			name = "Supporting Files";
			sourceTree = "<group>";
		};
		79784F0819A8C31C0035537B /* UNWebViewControllerTests */ = {
			isa = PBXGroup;
			children = (
				79784F0E19A8C31C0035537B /* UNWebViewControllerTests.m */,
				79784F0919A8C31C0035537B /* Supporting Files */,
			);
			path = UNWebViewControllerTests;
			sourceTree = "<group>";
		};
		79784F0919A8C31C0035537B /* Supporting Files */ = {
			isa = PBXGroup;
			children = (
				79784F0A19A8C31C0035537B /* UNWebViewControllerTests-Info.plist */,
				79784F0B19A8C31C0035537B /* InfoPlist.strings */,
			);
			name = "Supporting Files";
			sourceTree = "<group>";
		};
/* End PBXGroup section */

/* Begin PBXNativeTarget section */
		79784EDF19A8C31C0035537B /* UNWebViewController */ = {
			isa = PBXNativeTarget;
			buildConfigurationList = 79784F1219A8C31C0035537B /* Build configuration list for PBXNativeTarget "UNWebViewController" */;
			buildPhases = (
				79784EDC19A8C31C0035537B /* Sources */,
				79784EDD19A8C31C0035537B /* Frameworks */,
				79784EDE19A8C31C0035537B /* Resources */,
			);
			buildRules = (
			);
			dependencies = (
			);
			name = UNWebViewController;
			productName = UNWebViewController;
			productReference = 79784EE019A8C31C0035537B /* UNWebViewController.app */;
			productType = "com.apple.product-type.application";
		};
		79784F0019A8C31C0035537B /* UNWebViewControllerTests */ = {
			isa = PBXNativeTarget;
			buildConfigurationList = 79784F1519A8C31C0035537B /* Build configuration list for PBXNativeTarget "UNWebViewControllerTests" */;
			buildPhases = (
				79784EFD19A8C31C0035537B /* Sources */,
				79784EFE19A8C31C0035537B /* Frameworks */,
				79784EFF19A8C31C0035537B /* Resources */,
			);
			buildRules = (
			);
			dependencies = (
				79784F0719A8C31C0035537B /* PBXTargetDependency */,
			);
			name = UNWebViewControllerTests;
			productName = UNWebViewControllerTests;
			productReference = 79784F0119A8C31C0035537B /* UNWebViewControllerTests.xctest */;
			productType = "com.apple.product-type.bundle.unit-test";
		};
/* End PBXNativeTarget section */

/* Begin PBXProject section */
		79784ED819A8C31C0035537B /* Project object */ = {
			isa = PBXProject;
			attributes = {
				LastUpgradeCheck = 0510;
				ORGANIZATIONNAME = "___FULLUSERNAME___";
				TargetAttributes = {
					79784F0019A8C31C0035537B = {
						TestTargetID = 79784EDF19A8C31C0035537B;
					};
				};
			};
			buildConfigurationList = 79784EDB19A8C31C0035537B /* Build configuration list for PBXProject "UNWebViewController" */;
			compatibilityVersion = "Xcode 3.2";
			developmentRegion = English;
			hasScannedForEncodings = 0;
			knownRegions = (
				en,
				Base,
			);
			mainGroup = 79784ED719A8C31C0035537B;
			productRefGroup = 79784EE119A8C31C0035537B /* Products */;
			projectDirPath = "";
			projectRoot = "";
			targets = (
				79784EDF19A8C31C0035537B /* UNWebViewController */,
				79784F0019A8C31C0035537B /* UNWebViewControllerTests */,
			);
		};
/* End PBXProject section */

/* Begin PBXResourcesBuildPhase section */
		79784EDE19A8C31C0035537B /* Resources */ = {
			isa = PBXResourcesBuildPhase;
			buildActionMask = 2147483647;
			files = (
				58B2B3D71A8C9D0100AE057F /* text32x.png in Resources */,
				58B2B3B71A8C9D0100AE057F /* btn_bkr.png in Resources */,
				58B2B3BF1A8C9D0100AE057F /* card.png in Resources */,
				58B2B3DB1A8C9D0100AE057F /* zabuton1.png in Resources */,
				58B2B3D11A8C9D0100AE057F /* people.png in Resources */,
				58B2B3BD1A8C9D0100AE057F /* btn_start_bg_on2x.png in Resources */,
				58B2B3D01A8C9D0100AE057F /* obi2x.png in Resources */,
				58B2B3C51A8C9D0100AE057F /* iPhone22x.png in Resources */,
				79784F1C19A8C3B60035537B /* UNWebViewController.xib in Resources */,
				58B2B3CA1A8C9D0100AE057F /* man3.png in Resources */,
				58B2B4FD1A8E1F3700AE057F /* tweenjs-0.5.1.min.js in Resources */,
				58B2B3D51A8C9D0100AE057F /* text12x.png in Resources */,
				58B2B3BE1A8C9D0100AE057F /* btn_start_on2x.png in Resources */,
				58B2B3C71A8C9D0100AE057F /* man.png in Resources */,
				58B2B3DC1A8C9D0100AE057F /* zabuton2.png in Resources */,
				58B2B3E01A8C9D0100AE057F /* tutorial1_nobg.js in Resources */,
				58B2B3E11A8C9D0100AE057F /* tutorial2_nobg.html in Resources */,
				58B2B3B81A8C9D0100AE057F /* btn_bkr_on.png in Resources */,
				58B2B3BA1A8C9D0100AE057F /* btn_on.png in Resources */,
				58B2B3E21A8C9D0100AE057F /* tutorial2_nobg.js in Resources */,
				58B2B3B21A8C9D0100AE057F /* boke1.png in Resources */,
				58B2B3D21A8C9D0100AE057F /* sp.png in Resources */,
				58B2B3DA1A8C9D0100AE057F /* zabuton0.png in Resources */,
				58B2B3DD1A8C9D0100AE057F /* zabuton3.png in Resources */,
				58B2B3D81A8C9D0100AE057F /* text_start2x.png in Resources */,
				58B2B3CF1A8C9D0100AE057F /* man8.png in Resources */,
				58B2B3CB1A8C9D0100AE057F /* man4.png in Resources */,
				58B2B3B91A8C9D0100AE057F /* btn_nonactive.png in Resources */,
				58B2B3DF1A8C9D0100AE057F /* tutorial1_nobg.html in Resources */,
				58B2B3C91A8C9D0100AE057F /* man2.png in Resources */,
				58B2B3CC1A8C9D0100AE057F /* man5.png in Resources */,
				58B2B3BC1A8C9D0100AE057F /* btn_start_bg2x.png in Resources */,
				58B2B3B61A8C9D0100AE057F /* btn_active.png in Resources */,
				58B2B3B41A8C9D0100AE057F /* boke3.png in Resources */,
				58B2B4FA1A8E1F3700AE057F /* easeljs-0.7.1.min.js in Resources */,
				79784EFC19A8C31C0035537B /* Images.xcassets in Resources */,
				58B2B3E31A8C9D0100AE057F /* tutorial3_nobg.html in Resources */,
				58B2B3C61A8C9D0100AE057F /* iPhone32x.png in Resources */,
				79784EEE19A8C31C0035537B /* InfoPlist.strings in Resources */,
				58B2B3D61A8C9D0100AE057F /* text22x.png in Resources */,
				58B2B3E61A8C9F2500AE057F /* test1.html in Resources */,
				58B2B3CE1A8C9D0100AE057F /* man7.png in Resources */,
				58B2B4FC1A8E1F3700AE057F /* preloadjs-0.4.1.min.js in Resources */,
				58B2B3E41A8C9D0100AE057F /* tutorial3_nobg.js in Resources */,
				58B2B3B01A8C9D0100AE057F /* background2x.png in Resources */,
				58B2B3B11A8C9D0100AE057F /* bg.jpg in Resources */,
				58B2B3DE1A8C9D0100AE057F /* zabuton_s.png in Resources */,
				58B2B3C81A8C9D0100AE057F /* man1.png in Resources */,
				58B2B3C01A8C9D0100AE057F /* complete.png in Resources */,
				58B2B3C21A8C9D0100AE057F /* hand.png in Resources */,
				58B2B3781A8C94F200AE057F /* UNWebViewController2.xib in Resources */,
				58B2B3BB1A8C9D0100AE057F /* btn_start2x.png in Resources */,
				58B2B3D41A8C9D0100AE057F /* star_r.png in Resources */,
				58B2B3C41A8C9D0100AE057F /* iPhone12x.png in Resources */,
				58B2B3D31A8C9D0100AE057F /* star_l.png in Resources */,
				58B2B3CD1A8C9D0100AE057F /* man6.png in Resources */,
				58B2B3C31A8C9D0100AE057F /* icon.png in Resources */,
				58B2B3D91A8C9D0100AE057F /* washi2x.png in Resources */,
				58B2B4FB1A8E1F3700AE057F /* movieclip-0.7.1.min.js in Resources */,
				58B2B3B31A8C9D0100AE057F /* boke2.png in Resources */,
				58B2B3C11A8C9D0100AE057F /* dog.jpg in Resources */,
				58B2B3B51A8C9D0100AE057F /* boke4.png in Resources */,
			);
			runOnlyForDeploymentPostprocessing = 0;
		};
		79784EFF19A8C31C0035537B /* Resources */ = {
			isa = PBXResourcesBuildPhase;
			buildActionMask = 2147483647;
			files = (
				79784F0D19A8C31C0035537B /* InfoPlist.strings in Resources */,
			);
			runOnlyForDeploymentPostprocessing = 0;
		};
/* End PBXResourcesBuildPhase section */

/* Begin PBXSourcesBuildPhase section */
		79784EDC19A8C31C0035537B /* Sources */ = {
			isa = PBXSourcesBuildPhase;
			buildActionMask = 2147483647;
			files = (
				79784EF419A8C31C0035537B /* AppDelegate.m in Sources */,
				79784EF019A8C31C0035537B /* main.m in Sources */,
				58B2B3EC1A8DEDCC00AE057F /* UNTitleImageView.m in Sources */,
				79784F1B19A8C3B60035537B /* UNWebViewController.m in Sources */,
				58B2B3E91A8DD83E00AE057F /* UNTutorialWebView.m in Sources */,
				58B2B3771A8C94F200AE057F /* UNWebViewController2.m in Sources */,
			);
			runOnlyForDeploymentPostprocessing = 0;
		};
		79784EFD19A8C31C0035537B /* Sources */ = {
			isa = PBXSourcesBuildPhase;
			buildActionMask = 2147483647;
			files = (
				79784F0F19A8C31C0035537B /* UNWebViewControllerTests.m in Sources */,
			);
			runOnlyForDeploymentPostprocessing = 0;
		};
/* End PBXSourcesBuildPhase section */

/* Begin PBXTargetDependency section */
		79784F0719A8C31C0035537B /* PBXTargetDependency */ = {
			isa = PBXTargetDependency;
			target = 79784EDF19A8C31C0035537B /* UNWebViewController */;
			targetProxy = 79784F0619A8C31C0035537B /* PBXContainerItemProxy */;
		};
/* End PBXTargetDependency section */

/* Begin PBXVariantGroup section */
		79784EEC19A8C31C0035537B /* InfoPlist.strings */ = {
			isa = PBXVariantGroup;
			children = (
				79784EED19A8C31C0035537B /* en */,
			);
			name = InfoPlist.strings;
			sourceTree = "<group>";
		};
		79784F0B19A8C31C0035537B /* InfoPlist.strings */ = {
			isa = PBXVariantGroup;
			children = (
				79784F0C19A8C31C0035537B /* en */,
			);
			name = InfoPlist.strings;
			sourceTree = "<group>";
		};
/* End PBXVariantGroup section */

/* Begin XCBuildConfiguration section */
		79784F1019A8C31C0035537B /* Debug */ = {
			isa = XCBuildConfiguration;
			buildSettings = {
				ALWAYS_SEARCH_USER_PATHS = NO;
				CLANG_CXX_LANGUAGE_STANDARD = "gnu++0x";
				CLANG_CXX_LIBRARY = "libc++";
				CLANG_ENABLE_MODULES = YES;
				CLANG_ENABLE_OBJC_ARC = YES;
				CLANG_WARN_BOOL_CONVERSION = YES;
				CLANG_WARN_CONSTANT_CONVERSION = YES;
				CLANG_WARN_DIRECT_OBJC_ISA_USAGE = YES_ERROR;
				CLANG_WARN_EMPTY_BODY = YES;
				CLANG_WARN_ENUM_CONVERSION = YES;
				CLANG_WARN_INT_CONVERSION = YES;
				CLANG_WARN_OBJC_ROOT_CLASS = YES_ERROR;
				CLANG_WARN__DUPLICATE_METHOD_MATCH = YES;
				"CODE_SIGN_IDENTITY[sdk=iphoneos*]" = "iPhone Developer";
				COPY_PHASE_STRIP = NO;
				GCC_C_LANGUAGE_STANDARD = gnu99;
				GCC_DYNAMIC_NO_PIC = NO;
				GCC_OPTIMIZATION_LEVEL = 0;
				GCC_PREPROCESSOR_DEFINITIONS = (
					"DEBUG=1",
					"$(inherited)",
				);
				GCC_SYMBOLS_PRIVATE_EXTERN = NO;
				GCC_WARN_64_TO_32_BIT_CONVERSION = YES;
				GCC_WARN_ABOUT_RETURN_TYPE = YES_ERROR;
				GCC_WARN_UNDECLARED_SELECTOR = YES;
				GCC_WARN_UNINITIALIZED_AUTOS = YES_AGGRESSIVE;
				GCC_WARN_UNUSED_FUNCTION = YES;
				GCC_WARN_UNUSED_VARIABLE = YES;
				IPHONEOS_DEPLOYMENT_TARGET = 7.1;
				ONLY_ACTIVE_ARCH = YES;
				SDKROOT = iphoneos;
			};
			name = Debug;
		};
		79784F1119A8C31C0035537B /* Release */ = {
			isa = XCBuildConfiguration;
			buildSettings = {
				ALWAYS_SEARCH_USER_PATHS = NO;
				CLANG_CXX_LANGUAGE_STANDARD = "gnu++0x";
				CLANG_CXX_LIBRARY = "libc++";
				CLANG_ENABLE_MODULES = YES;
				CLANG_ENABLE_OBJC_ARC = YES;
				CLANG_WARN_BOOL_CONVERSION = YES;
				CLANG_WARN_CONSTANT_CONVERSION = YES;
				CLANG_WARN_DIRECT_OBJC_ISA_USAGE = YES_ERROR;
				CLANG_WARN_EMPTY_BODY = YES;
				CLANG_WARN_ENUM_CONVERSION = YES;
				CLANG_WARN_INT_CONVERSION = YES;
				CLANG_WARN_OBJC_ROOT_CLASS = YES_ERROR;
				CLANG_WARN__DUPLICATE_METHOD_MATCH = YES;
				"CODE_SIGN_IDENTITY[sdk=iphoneos*]" = "iPhone Developer";
				COPY_PHASE_STRIP = YES;
				ENABLE_NS_ASSERTIONS = NO;
				GCC_C_LANGUAGE_STANDARD = gnu99;
				GCC_WARN_64_TO_32_BIT_CONVERSION = YES;
				GCC_WARN_ABOUT_RETURN_TYPE = YES_ERROR;
				GCC_WARN_UNDECLARED_SELECTOR = YES;
				GCC_WARN_UNINITIALIZED_AUTOS = YES_AGGRESSIVE;
				GCC_WARN_UNUSED_FUNCTION = YES;
				GCC_WARN_UNUSED_VARIABLE = YES;
				IPHONEOS_DEPLOYMENT_TARGET = 7.1;
				SDKROOT = iphoneos;
				VALIDATE_PRODUCT = YES;
			};
			name = Release;
		};
		79784F1319A8C31C0035537B /* Debug */ = {
			isa = XCBuildConfiguration;
			buildSettings = {
				ASSETCATALOG_COMPILER_APPICON_NAME = AppIcon;
				ASSETCATALOG_COMPILER_LAUNCHIMAGE_NAME = LaunchImage;
				GCC_PRECOMPILE_PREFIX_HEADER = YES;
				GCC_PREFIX_HEADER = "UNWebViewController/UNWebViewController-Prefix.pch";
				INFOPLIST_FILE = "UNWebViewController/UNWebViewController-Info.plist";
				PRODUCT_NAME = "$(TARGET_NAME)";
				WRAPPER_EXTENSION = app;
			};
			name = Debug;
		};
		79784F1419A8C31C0035537B /* Release */ = {
			isa = XCBuildConfiguration;
			buildSettings = {
				ASSETCATALOG_COMPILER_APPICON_NAME = AppIcon;
				ASSETCATALOG_COMPILER_LAUNCHIMAGE_NAME = LaunchImage;
				GCC_PRECOMPILE_PREFIX_HEADER = YES;
				GCC_PREFIX_HEADER = "UNWebViewController/UNWebViewController-Prefix.pch";
				INFOPLIST_FILE = "UNWebViewController/UNWebViewController-Info.plist";
				PRODUCT_NAME = "$(TARGET_NAME)";
				WRAPPER_EXTENSION = app;
			};
			name = Release;
		};
		79784F1619A8C31C0035537B /* Debug */ = {
			isa = XCBuildConfiguration;
			buildSettings = {
				BUNDLE_LOADER = "$(BUILT_PRODUCTS_DIR)/UNWebViewController.app/UNWebViewController";
				FRAMEWORK_SEARCH_PATHS = (
					"$(SDKROOT)/Developer/Library/Frameworks",
					"$(inherited)",
					"$(DEVELOPER_FRAMEWORKS_DIR)",
				);
				GCC_PRECOMPILE_PREFIX_HEADER = YES;
				GCC_PREFIX_HEADER = "UNWebViewController/UNWebViewController-Prefix.pch";
				GCC_PREPROCESSOR_DEFINITIONS = (
					"DEBUG=1",
					"$(inherited)",
				);
				INFOPLIST_FILE = "UNWebViewControllerTests/UNWebViewControllerTests-Info.plist";
				PRODUCT_NAME = "$(TARGET_NAME)";
				TEST_HOST = "$(BUNDLE_LOADER)";
				WRAPPER_EXTENSION = xctest;
			};
			name = Debug;
		};
		79784F1719A8C31C0035537B /* Release */ = {
			isa = XCBuildConfiguration;
			buildSettings = {
				BUNDLE_LOADER = "$(BUILT_PRODUCTS_DIR)/UNWebViewController.app/UNWebViewController";
				FRAMEWORK_SEARCH_PATHS = (
					"$(SDKROOT)/Developer/Library/Frameworks",
					"$(inherited)",
					"$(DEVELOPER_FRAMEWORKS_DIR)",
				);
				GCC_PRECOMPILE_PREFIX_HEADER = YES;
				GCC_PREFIX_HEADER = "UNWebViewController/UNWebViewController-Prefix.pch";
				INFOPLIST_FILE = "UNWebViewControllerTests/UNWebViewControllerTests-Info.plist";
				PRODUCT_NAME = "$(TARGET_NAME)";
				TEST_HOST = "$(BUNDLE_LOADER)";
				WRAPPER_EXTENSION = xctest;
			};
			name = Release;
		};
/* End XCBuildConfiguration section */

/* Begin XCConfigurationList section */
		79784EDB19A8C31C0035537B /* Build configuration list for PBXProject "UNWebViewController" */ = {
			isa = XCConfigurationList;
			buildConfigurations = (
				79784F1019A8C31C0035537B /* Debug */,
				79784F1119A8C31C0035537B /* Release */,
			);
			defaultConfigurationIsVisible = 0;
			defaultConfigurationName = Release;
		};
		79784F1219A8C31C0035537B /* Build configuration list for PBXNativeTarget "UNWebViewController" */ = {
			isa = XCConfigurationList;
			buildConfigurations = (
				79784F1319A8C31C0035537B /* Debug */,
				79784F1419A8C31C0035537B /* Release */,
			);
			defaultConfigurationIsVisible = 0;
			defaultConfigurationName = Release;
		};
		79784F1519A8C31C0035537B /* Build configuration list for PBXNativeTarget "UNWebViewControllerTests" */ = {
			isa = XCConfigurationList;
			buildConfigurations = (
				79784F1619A8C31C0035537B /* Debug */,
				79784F1719A8C31C0035537B /* Release */,
			);
			defaultConfigurationIsVisible = 0;
			defaultConfigurationName = Release;
		};
/* End XCConfigurationList section */
	};
	rootObject = 79784ED819A8C31C0035537B /* Project object */;
}
