// !$*UTF8*$!
{
	archiveVersion = 1;
	classes = {
	};
	objectVersion = 46;
	objects = {

/* Begin PBXBuildFile section */
		58B214A21B5763CA003577AC /* main.m in Sources */ = {isa = PBXBuildFile; fileRef = 58B214A11B5763CA003577AC /* main.m */; };
		58B214AA1B576B4E003577AC /* NSData+AES.m in Sources */ = {isa = PBXBuildFile; fileRef = 58B214A91B576B4E003577AC /* NSData+AES.m */; };
/* End PBXBuildFile section */

/* Begin PBXCopyFilesBuildPhase section */
		58B2149C1B5763CA003577AC /* CopyFiles */ = {
			isa = PBXCopyFilesBuildPhase;
			buildActionMask = 2147483647;
			dstPath = /usr/share/man/man1/;
			dstSubfolderSpec = 0;
			files = (
			);
			runOnlyForDeploymentPostprocessing = 1;
		};
/* End PBXCopyFilesBuildPhase section */

/* Begin PBXFileReference section */
		58B2149E1B5763CA003577AC /* AESCrypter */ = {isa = PBXFileReference; explicitFileType = "compiled.mach-o.executable"; includeInIndex = 0; path = AESCrypter; sourceTree = BUILT_PRODUCTS_DIR; };
		58B214A11B5763CA003577AC /* main.m */ = {isa = PBXFileReference; lastKnownFileType = sourcecode.c.objc; path = main.m; sourceTree = "<group>"; };
		58B214A81B576B4E003577AC /* NSData+AES.h */ = {isa = PBXFileReference; fileEncoding = 4; lastKnownFileType = sourcecode.c.h; path = "NSData+AES.h"; sourceTree = "<group>"; };
		58B214A91B576B4E003577AC /* NSData+AES.m */ = {isa = PBXFileReference; fileEncoding = 4; lastKnownFileType = sourcecode.c.objc; path = "NSData+AES.m"; sourceTree = "<group>"; };
/* End PBXFileReference section */

/* Begin PBXFrameworksBuildPhase section */
		58B2149B1B5763CA003577AC /* Frameworks */ = {
			isa = PBXFrameworksBuildPhase;
			buildActionMask = 2147483647;
			files = (
			);
			runOnlyForDeploymentPostprocessing = 0;
		};
/* End PBXFrameworksBuildPhase section */

/* Begin PBXGroup section */
		58B214951B5763CA003577AC = {
			isa = PBXGroup;
			children = (
				58B214A01B5763CA003577AC /* AESCrypter */,
				58B2149F1B5763CA003577AC /* Products */,
			);
			sourceTree = "<group>";
		};
		58B2149F1B5763CA003577AC /* Products */ = {
			isa = PBXGroup;
			children = (
				58B2149E1B5763CA003577AC /* AESCrypter */,
			);
			name = Products;
			sourceTree = "<group>";
		};
		58B214A01B5763CA003577AC /* AESCrypter */ = {
			isa = PBXGroup;
			children = (
				58B214A11B5763CA003577AC /* main.m */,
				58B214A81B576B4E003577AC /* NSData+AES.h */,
				58B214A91B576B4E003577AC /* NSData+AES.m */,
			);
			path = AESCrypter;
			sourceTree = "<group>";
		};
/* End PBXGroup section */

/* Begin PBXNativeTarget section */
		58B2149D1B5763CA003577AC /* AESDecrypter */ = {
			isa = PBXNativeTarget;
			buildConfigurationList = 58B214A51B5763CA003577AC /* Build configuration list for PBXNativeTarget "AESDecrypter" */;
			buildPhases = (
				58B2149A1B5763CA003577AC /* Sources */,
				58B2149B1B5763CA003577AC /* Frameworks */,
				58B2149C1B5763CA003577AC /* CopyFiles */,
			);
			buildRules = (
			);
			dependencies = (
			);
			name = AESDecrypter;
			productName = AESCrypter;
			productReference = 58B2149E1B5763CA003577AC /* AESCrypter */;
			productType = "com.apple.product-type.tool";
		};
/* End PBXNativeTarget section */

/* Begin PBXProject section */
		58B214961B5763CA003577AC /* Project object */ = {
			isa = PBXProject;
			attributes = {
				LastUpgradeCheck = 0640;
				ORGANIZATIONNAME = B02681;
				TargetAttributes = {
					58B2149D1B5763CA003577AC = {
						CreatedOnToolsVersion = 6.4;
					};
				};
			};
			buildConfigurationList = 58B214991B5763CA003577AC /* Build configuration list for PBXProject "AESCrypter" */;
			compatibilityVersion = "Xcode 3.2";
			developmentRegion = English;
			hasScannedForEncodings = 0;
			knownRegions = (
				en,
			);
			mainGroup = 58B214951B5763CA003577AC;
			productRefGroup = 58B2149F1B5763CA003577AC /* Products */;
			projectDirPath = "";
			projectRoot = "";
			targets = (
				58B2149D1B5763CA003577AC /* AESDecrypter */,
			);
		};
/* End PBXProject section */

/* Begin PBXSourcesBuildPhase section */
		58B2149A1B5763CA003577AC /* Sources */ = {
			isa = PBXSourcesBuildPhase;
			buildActionMask = 2147483647;
			files = (
				58B214AA1B576B4E003577AC /* NSData+AES.m in Sources */,
				58B214A21B5763CA003577AC /* main.m in Sources */,
			);
			runOnlyForDeploymentPostprocessing = 0;
		};
/* End PBXSourcesBuildPhase section */

/* Begin XCBuildConfiguration section */
		58B214A31B5763CA003577AC /* Debug */ = {
			isa = XCBuildConfiguration;
			buildSettings = {
				ALWAYS_SEARCH_USER_PATHS = NO;
				CLANG_CXX_LANGUAGE_STANDARD = "gnu++0x";
				CLANG_CXX_LIBRARY = "libc++";
				CLANG_ENABLE_MODULES = YES;
				CLANG_ENABLE_OBJC_ARC = YES;
				CLANG_WARN_BOOL_CONVERSION = YES;
				CLANG_WARN_CONSTANT_CONVERSION = YES;
				CLANG_WARN_DIRECT_OBJC_ISA_USAGE = YES_ERROR;
				CLANG_WARN_EMPTY_BODY = YES;
				CLANG_WARN_ENUM_CONVERSION = YES;
				CLANG_WARN_INT_CONVERSION = YES;
				CLANG_WARN_OBJC_ROOT_CLASS = YES_ERROR;
				CLANG_WARN_UNREACHABLE_CODE = YES;
				CLANG_WARN__DUPLICATE_METHOD_MATCH = YES;
				COPY_PHASE_STRIP = NO;
				DEBUG_INFORMATION_FORMAT = dwarf;
				ENABLE_STRICT_OBJC_MSGSEND = YES;
				GCC_C_LANGUAGE_STANDARD = gnu99;
				GCC_DYNAMIC_NO_PIC = NO;
				GCC_NO_COMMON_BLOCKS = YES;
				GCC_OPTIMIZATION_LEVEL = 0;
				GCC_PREPROCESSOR_DEFINITIONS = (
					"DEBUG=1",
					"$(inherited)",
				);
				GCC_SYMBOLS_PRIVATE_EXTERN = NO;
				GCC_WARN_64_TO_32_BIT_CONVERSION = YES;
				GCC_WARN_ABOUT_RETURN_TYPE = YES_ERROR;
				GCC_WARN_UNDECLARED_SELECTOR = YES;
				GCC_WARN_UNINITIALIZED_AUTOS = YES_AGGRESSIVE;
				GCC_WARN_UNUSED_FUNCTION = YES;
				GCC_WARN_UNUSED_VARIABLE = YES;
				MACOSX_DEPLOYMENT_TARGET = 10.10;
				MTL_ENABLE_DEBUG_INFO = YES;
				ONLY_ACTIVE_ARCH = YES;
				SDKROOT = macosx;
			};
			name = Debug;
		};
		58B214A41B5763CA003577AC /* Release */ = {
			isa = XCBuildConfiguration;
			buildSettings = {
				ALWAYS_SEARCH_USER_PATHS = NO;
				CLANG_CXX_LANGUAGE_STANDARD = "gnu++0x";
				CLANG_CXX_LIBRARY = "libc++";
				CLANG_ENABLE_MODULES = YES;
				CLANG_ENABLE_OBJC_ARC = YES;
				CLANG_WARN_BOOL_CONVERSION = YES;
				CLANG_WARN_CONSTANT_CONVERSION = YES;
				CLANG_WARN_DIRECT_OBJC_ISA_USAGE = YES_ERROR;
				CLANG_WARN_EMPTY_BODY = YES;
				CLANG_WARN_ENUM_CONVERSION = YES;
				CLANG_WARN_INT_CONVERSION = YES;
				CLANG_WARN_OBJC_ROOT_CLASS = YES_ERROR;
				CLANG_WARN_UNREACHABLE_CODE = YES;
				CLANG_WARN__DUPLICATE_METHOD_MATCH = YES;
				COPY_PHASE_STRIP = NO;
				DEBUG_INFORMATION_FORMAT = "dwarf-with-dsym";
				ENABLE_NS_ASSERTIONS = NO;
				ENABLE_STRICT_OBJC_MSGSEND = YES;
				GCC_C_LANGUAGE_STANDARD = gnu99;
				GCC_NO_COMMON_BLOCKS = YES;
				GCC_WARN_64_TO_32_BIT_CONVERSION = YES;
				GCC_WARN_ABOUT_RETURN_TYPE = YES_ERROR;
				GCC_WARN_UNDECLARED_SELECTOR = YES;
				GCC_WARN_UNINITIALIZED_AUTOS = YES_AGGRESSIVE;
				GCC_WARN_UNUSED_FUNCTION = YES;
				GCC_WARN_UNUSED_VARIABLE = YES;
				MACOSX_DEPLOYMENT_TARGET = 10.10;
				MTL_ENABLE_DEBUG_INFO = NO;
				SDKROOT = macosx;
			};
			name = Release;
		};
		58B214A61B5763CA003577AC /* Debug */ = {
			isa = XCBuildConfiguration;
			buildSettings = {
				PRODUCT_NAME = "$(TARGET_NAME)";
			};
			name = Debug;
		};
		58B214A71B5763CA003577AC /* Release */ = {
			isa = XCBuildConfiguration;
			buildSettings = {
				PRODUCT_NAME = "$(TARGET_NAME)";
			};
			name = Release;
		};
/* End XCBuildConfiguration section */

/* Begin XCConfigurationList section */
		58B214991B5763CA003577AC /* Build configuration list for PBXProject "AESCrypter" */ = {
			isa = XCConfigurationList;
			buildConfigurations = (
				58B214A31B5763CA003577AC /* Debug */,
				58B214A41B5763CA003577AC /* Release */,
			);
			defaultConfigurationIsVisible = 0;
			defaultConfigurationName = Release;
		};
		58B214A51B5763CA003577AC /* Build configuration list for PBXNativeTarget "AESDecrypter" */ = {
			isa = XCConfigurationList;
			buildConfigurations = (
				58B214A61B5763CA003577AC /* Debug */,
				58B214A71B5763CA003577AC /* Release */,
			);
			defaultConfigurationIsVisible = 0;
			defaultConfigurationName = Release;
		};
/* End XCConfigurationList section */
	};
	rootObject = 58B214961B5763CA003577AC /* Project object */;
}
