// !$*UTF8*$!
{
	archiveVersion = 1;
	classes = {
	};
	objectVersion = 46;
	objects = {

/* Begin PBXBuildFile section */
		79784F2A19A90CB10035537B /* Foundation.framework in Frameworks */ = {isa = PBXBuildFile; fileRef = 79784F2919A90CB10035537B /* Foundation.framework */; };
		79784F2C19A90CB10035537B /* CoreGraphics.framework in Frameworks */ = {isa = PBXBuildFile; fileRef = 79784F2B19A90CB10035537B /* CoreGraphics.framework */; };
		79784F2E19A90CB10035537B /* UIKit.framework in Frameworks */ = {isa = PBXBuildFile; fileRef = 79784F2D19A90CB10035537B /* UIKit.framework */; };
		79784F3419A90CB10035537B /* InfoPlist.strings in Resources */ = {isa = PBXBuildFile; fileRef = 79784F3219A90CB10035537B /* InfoPlist.strings */; };
		79784F3619A90CB10035537B /* main.m in Sources */ = {isa = PBXBuildFile; fileRef = 79784F3519A90CB10035537B /* main.m */; };
		79784F3A19A90CB10035537B /* AppDelegate.m in Sources */ = {isa = PBXBuildFile; fileRef = 79784F3919A90CB10035537B /* AppDelegate.m */; };
		79784F4019A90CB10035537B /* ViewController.m in Sources */ = {isa = PBXBuildFile; fileRef = 79784F3F19A90CB10035537B /* ViewController.m */; };
		79784F4219A90CB10035537B /* Images.xcassets in Resources */ = {isa = PBXBuildFile; fileRef = 79784F4119A90CB10035537B /* Images.xcassets */; };
		79784F4919A90CB10035537B /* XCTest.framework in Frameworks */ = {isa = PBXBuildFile; fileRef = 79784F4819A90CB10035537B /* XCTest.framework */; };
		79784F4A19A90CB10035537B /* Foundation.framework in Frameworks */ = {isa = PBXBuildFile; fileRef = 79784F2919A90CB10035537B /* Foundation.framework */; };
		79784F4B19A90CB10035537B /* UIKit.framework in Frameworks */ = {isa = PBXBuildFile; fileRef = 79784F2D19A90CB10035537B /* UIKit.framework */; };
		79784F5319A90CB10035537B /* InfoPlist.strings in Resources */ = {isa = PBXBuildFile; fileRef = 79784F5119A90CB10035537B /* InfoPlist.strings */; };
		79784F5519A90CB10035537B /* UNNavigationControllerTests.m in Sources */ = {isa = PBXBuildFile; fileRef = 79784F5419A90CB10035537B /* UNNavigationControllerTests.m */; };
		79784F5F19A90D460035537B /* ViewController.xib in Resources */ = {isa = PBXBuildFile; fileRef = 79784F5E19A90D460035537B /* ViewController.xib */; };
		79784F6319A9AAAD0035537B /* ViewController2.m in Sources */ = {isa = PBXBuildFile; fileRef = 79784F6119A9AAAD0035537B /* ViewController2.m */; };
		79784F6419A9AAAD0035537B /* ViewController2.xib in Resources */ = {isa = PBXBuildFile; fileRef = 79784F6219A9AAAD0035537B /* ViewController2.xib */; };
		79784F6919A9AF1F0035537B /* navi_button1.png in Resources */ = {isa = PBXBuildFile; fileRef = 79784F6819A9AF1F0035537B /* navi_button1.png */; };
		79784F6B19A9B4730035537B /* navi_button1@2x.png in Resources */ = {isa = PBXBuildFile; fileRef = 79784F6A19A9B4730035537B /* navi_button1@2x.png */; };
		79784F6E19A9B4E40035537B /* UNNavigationController.m in Sources */ = {isa = PBXBuildFile; fileRef = 79784F6D19A9B4E40035537B /* UNNavigationController.m */; };
		79784F7119A9C5790035537B /* dot_line.png in Resources */ = {isa = PBXBuildFile; fileRef = 79784F6F19A9C5790035537B /* dot_line.png */; };
		79784F7219A9C5790035537B /* dot_line@2x.png in Resources */ = {isa = PBXBuildFile; fileRef = 79784F7019A9C5790035537B /* dot_line@2x.png */; };
/* End PBXBuildFile section */

/* Begin PBXContainerItemProxy section */
		79784F4C19A90CB10035537B /* PBXContainerItemProxy */ = {
			isa = PBXContainerItemProxy;
			containerPortal = 79784F1E19A90CB10035537B /* Project object */;
			proxyType = 1;
			remoteGlobalIDString = 79784F2519A90CB10035537B;
			remoteInfo = UNNavigationController;
		};
/* End PBXContainerItemProxy section */

/* Begin PBXFileReference section */
		79784F2619A90CB10035537B /* UNNavigationController.app */ = {isa = PBXFileReference; explicitFileType = wrapper.application; includeInIndex = 0; path = UNNavigationController.app; sourceTree = BUILT_PRODUCTS_DIR; };
		79784F2919A90CB10035537B /* Foundation.framework */ = {isa = PBXFileReference; lastKnownFileType = wrapper.framework; name = Foundation.framework; path = System/Library/Frameworks/Foundation.framework; sourceTree = SDKROOT; };
		79784F2B19A90CB10035537B /* CoreGraphics.framework */ = {isa = PBXFileReference; lastKnownFileType = wrapper.framework; name = CoreGraphics.framework; path = System/Library/Frameworks/CoreGraphics.framework; sourceTree = SDKROOT; };
		79784F2D19A90CB10035537B /* UIKit.framework */ = {isa = PBXFileReference; lastKnownFileType = wrapper.framework; name = UIKit.framework; path = System/Library/Frameworks/UIKit.framework; sourceTree = SDKROOT; };
		79784F3119A90CB10035537B /* UNNavigationController-Info.plist */ = {isa = PBXFileReference; lastKnownFileType = text.plist.xml; path = "UNNavigationController-Info.plist"; sourceTree = "<group>"; };
		79784F3319A90CB10035537B /* en */ = {isa = PBXFileReference; lastKnownFileType = text.plist.strings; name = en; path = en.lproj/InfoPlist.strings; sourceTree = "<group>"; };
		79784F3519A90CB10035537B /* main.m */ = {isa = PBXFileReference; lastKnownFileType = sourcecode.c.objc; path = main.m; sourceTree = "<group>"; };
		79784F3719A90CB10035537B /* UNNavigationController-Prefix.pch */ = {isa = PBXFileReference; lastKnownFileType = sourcecode.c.h; path = "UNNavigationController-Prefix.pch"; sourceTree = "<group>"; };
		79784F3819A90CB10035537B /* AppDelegate.h */ = {isa = PBXFileReference; lastKnownFileType = sourcecode.c.h; path = AppDelegate.h; sourceTree = "<group>"; };
		79784F3919A90CB10035537B /* AppDelegate.m */ = {isa = PBXFileReference; lastKnownFileType = sourcecode.c.objc; path = AppDelegate.m; sourceTree = "<group>"; };
		79784F3E19A90CB10035537B /* ViewController.h */ = {isa = PBXFileReference; lastKnownFileType = sourcecode.c.h; path = ViewController.h; sourceTree = "<group>"; };
		79784F3F19A90CB10035537B /* ViewController.m */ = {isa = PBXFileReference; lastKnownFileType = sourcecode.c.objc; path = ViewController.m; sourceTree = "<group>"; };
		79784F4119A90CB10035537B /* Images.xcassets */ = {isa = PBXFileReference; lastKnownFileType = folder.assetcatalog; path = Images.xcassets; sourceTree = "<group>"; };
		79784F4719A90CB10035537B /* UNNavigationControllerTests.xctest */ = {isa = PBXFileReference; explicitFileType = wrapper.cfbundle; includeInIndex = 0; path = UNNavigationControllerTests.xctest; sourceTree = BUILT_PRODUCTS_DIR; };
		79784F4819A90CB10035537B /* XCTest.framework */ = {isa = PBXFileReference; lastKnownFileType = wrapper.framework; name = XCTest.framework; path = Library/Frameworks/XCTest.framework; sourceTree = DEVELOPER_DIR; };
		79784F5019A90CB10035537B /* UNNavigationControllerTests-Info.plist */ = {isa = PBXFileReference; lastKnownFileType = text.plist.xml; path = "UNNavigationControllerTests-Info.plist"; sourceTree = "<group>"; };
		79784F5219A90CB10035537B /* en */ = {isa = PBXFileReference; lastKnownFileType = text.plist.strings; name = en; path = en.lproj/InfoPlist.strings; sourceTree = "<group>"; };
		79784F5419A90CB10035537B /* UNNavigationControllerTests.m */ = {isa = PBXFileReference; lastKnownFileType = sourcecode.c.objc; path = UNNavigationControllerTests.m; sourceTree = "<group>"; };
		79784F5E19A90D460035537B /* ViewController.xib */ = {isa = PBXFileReference; fileEncoding = 4; lastKnownFileType = file.xib; path = ViewController.xib; sourceTree = "<group>"; };
		79784F6019A9AAAD0035537B /* ViewController2.h */ = {isa = PBXFileReference; fileEncoding = 4; lastKnownFileType = sourcecode.c.h; path = ViewController2.h; sourceTree = "<group>"; };
		79784F6119A9AAAD0035537B /* ViewController2.m */ = {isa = PBXFileReference; fileEncoding = 4; lastKnownFileType = sourcecode.c.objc; path = ViewController2.m; sourceTree = "<group>"; };
		79784F6219A9AAAD0035537B /* ViewController2.xib */ = {isa = PBXFileReference; fileEncoding = 4; lastKnownFileType = file.xib; path = ViewController2.xib; sourceTree = "<group>"; };
		79784F6819A9AF1F0035537B /* navi_button1.png */ = {isa = PBXFileReference; lastKnownFileType = image.png; name = navi_button1.png; path = Resources/image/navi_button1.png; sourceTree = "<group>"; };
		79784F6A19A9B4730035537B /* navi_button1@2x.png */ = {isa = PBXFileReference; lastKnownFileType = image.png; name = "navi_button1@2x.png"; path = "Resources/image/navi_button1@2x.png"; sourceTree = "<group>"; };
		79784F6C19A9B4E40035537B /* UNNavigationController.h */ = {isa = PBXFileReference; fileEncoding = 4; lastKnownFileType = sourcecode.c.h; path = UNNavigationController.h; sourceTree = "<group>"; };
		79784F6D19A9B4E40035537B /* UNNavigationController.m */ = {isa = PBXFileReference; fileEncoding = 4; lastKnownFileType = sourcecode.c.objc; path = UNNavigationController.m; sourceTree = "<group>"; };
		79784F6F19A9C5790035537B /* dot_line.png */ = {isa = PBXFileReference; lastKnownFileType = image.png; name = dot_line.png; path = Resources/image/dot_line.png; sourceTree = "<group>"; };
		79784F7019A9C5790035537B /* dot_line@2x.png */ = {isa = PBXFileReference; lastKnownFileType = image.png; name = "dot_line@2x.png"; path = "Resources/image/dot_line@2x.png"; sourceTree = "<group>"; };
/* End PBXFileReference section */

/* Begin PBXFrameworksBuildPhase section */
		79784F2319A90CB10035537B /* Frameworks */ = {
			isa = PBXFrameworksBuildPhase;
			buildActionMask = 2147483647;
			files = (
				79784F2C19A90CB10035537B /* CoreGraphics.framework in Frameworks */,
				79784F2E19A90CB10035537B /* UIKit.framework in Frameworks */,
				79784F2A19A90CB10035537B /* Foundation.framework in Frameworks */,
			);
			runOnlyForDeploymentPostprocessing = 0;
		};
		79784F4419A90CB10035537B /* Frameworks */ = {
			isa = PBXFrameworksBuildPhase;
			buildActionMask = 2147483647;
			files = (
				79784F4919A90CB10035537B /* XCTest.framework in Frameworks */,
				79784F4B19A90CB10035537B /* UIKit.framework in Frameworks */,
				79784F4A19A90CB10035537B /* Foundation.framework in Frameworks */,
			);
			runOnlyForDeploymentPostprocessing = 0;
		};
/* End PBXFrameworksBuildPhase section */

/* Begin PBXGroup section */
		79784F1D19A90CB10035537B = {
			isa = PBXGroup;
			children = (
				79784F2F19A90CB10035537B /* UNNavigationController */,
				79784F4E19A90CB10035537B /* UNNavigationControllerTests */,
				79784F2819A90CB10035537B /* Frameworks */,
				79784F2719A90CB10035537B /* Products */,
			);
			sourceTree = "<group>";
		};
		79784F2719A90CB10035537B /* Products */ = {
			isa = PBXGroup;
			children = (
				79784F2619A90CB10035537B /* UNNavigationController.app */,
				79784F4719A90CB10035537B /* UNNavigationControllerTests.xctest */,
			);
			name = Products;
			sourceTree = "<group>";
		};
		79784F2819A90CB10035537B /* Frameworks */ = {
			isa = PBXGroup;
			children = (
				79784F2919A90CB10035537B /* Foundation.framework */,
				79784F2B19A90CB10035537B /* CoreGraphics.framework */,
				79784F2D19A90CB10035537B /* UIKit.framework */,
				79784F4819A90CB10035537B /* XCTest.framework */,
			);
			name = Frameworks;
			sourceTree = "<group>";
		};
		79784F2F19A90CB10035537B /* UNNavigationController */ = {
			isa = PBXGroup;
			children = (
				79784F6619A9AF0C0035537B /* Resources */,
				79784F6519A9ACAA0035537B /* ViewControllers */,
				79784F6C19A9B4E40035537B /* UNNavigationController.h */,
				79784F6D19A9B4E40035537B /* UNNavigationController.m */,
				79784F3819A90CB10035537B /* AppDelegate.h */,
				79784F3919A90CB10035537B /* AppDelegate.m */,
				79784F4119A90CB10035537B /* Images.xcassets */,
				79784F3019A90CB10035537B /* Supporting Files */,
			);
			path = UNNavigationController;
			sourceTree = "<group>";
		};
		79784F3019A90CB10035537B /* Supporting Files */ = {
			isa = PBXGroup;
			children = (
				79784F3119A90CB10035537B /* UNNavigationController-Info.plist */,
				79784F3219A90CB10035537B /* InfoPlist.strings */,
				79784F3519A90CB10035537B /* main.m */,
				79784F3719A90CB10035537B /* UNNavigationController-Prefix.pch */,
			);
			name = "Supporting Files";
			sourceTree = "<group>";
		};
		79784F4E19A90CB10035537B /* UNNavigationControllerTests */ = {
			isa = PBXGroup;
			children = (
				79784F5419A90CB10035537B /* UNNavigationControllerTests.m */,
				79784F4F19A90CB10035537B /* Supporting Files */,
			);
			path = UNNavigationControllerTests;
			sourceTree = "<group>";
		};
		79784F4F19A90CB10035537B /* Supporting Files */ = {
			isa = PBXGroup;
			children = (
				79784F5019A90CB10035537B /* UNNavigationControllerTests-Info.plist */,
				79784F5119A90CB10035537B /* InfoPlist.strings */,
			);
			name = "Supporting Files";
			sourceTree = "<group>";
		};
		79784F6519A9ACAA0035537B /* ViewControllers */ = {
			isa = PBXGroup;
			children = (
				79784F3E19A90CB10035537B /* ViewController.h */,
				79784F3F19A90CB10035537B /* ViewController.m */,
				79784F5E19A90D460035537B /* ViewController.xib */,
				79784F6019A9AAAD0035537B /* ViewController2.h */,
				79784F6119A9AAAD0035537B /* ViewController2.m */,
				79784F6219A9AAAD0035537B /* ViewController2.xib */,
			);
			name = ViewControllers;
			sourceTree = "<group>";
		};
		79784F6619A9AF0C0035537B /* Resources */ = {
			isa = PBXGroup;
			children = (
				79784F6719A9AF160035537B /* image */,
			);
			name = Resources;
			sourceTree = "<group>";
		};
		79784F6719A9AF160035537B /* image */ = {
			isa = PBXGroup;
			children = (
				79784F6F19A9C5790035537B /* dot_line.png */,
				79784F7019A9C5790035537B /* dot_line@2x.png */,
				79784F6819A9AF1F0035537B /* navi_button1.png */,
				79784F6A19A9B4730035537B /* navi_button1@2x.png */,
			);
			name = image;
			sourceTree = "<group>";
		};
/* End PBXGroup section */

/* Begin PBXNativeTarget section */
		79784F2519A90CB10035537B /* UNNavigationController */ = {
			isa = PBXNativeTarget;
			buildConfigurationList = 79784F5819A90CB10035537B /* Build configuration list for PBXNativeTarget "UNNavigationController" */;
			buildPhases = (
				79784F2219A90CB10035537B /* Sources */,
				79784F2319A90CB10035537B /* Frameworks */,
				79784F2419A90CB10035537B /* Resources */,
			);
			buildRules = (
			);
			dependencies = (
			);
			name = UNNavigationController;
			productName = UNNavigationController;
			productReference = 79784F2619A90CB10035537B /* UNNavigationController.app */;
			productType = "com.apple.product-type.application";
		};
		79784F4619A90CB10035537B /* UNNavigationControllerTests */ = {
			isa = PBXNativeTarget;
			buildConfigurationList = 79784F5B19A90CB10035537B /* Build configuration list for PBXNativeTarget "UNNavigationControllerTests" */;
			buildPhases = (
				79784F4319A90CB10035537B /* Sources */,
				79784F4419A90CB10035537B /* Frameworks */,
				79784F4519A90CB10035537B /* Resources */,
			);
			buildRules = (
			);
			dependencies = (
				79784F4D19A90CB10035537B /* PBXTargetDependency */,
			);
			name = UNNavigationControllerTests;
			productName = UNNavigationControllerTests;
			productReference = 79784F4719A90CB10035537B /* UNNavigationControllerTests.xctest */;
			productType = "com.apple.product-type.bundle.unit-test";
		};
/* End PBXNativeTarget section */

/* Begin PBXProject section */
		79784F1E19A90CB10035537B /* Project object */ = {
			isa = PBXProject;
			attributes = {
				LastUpgradeCheck = 0510;
				ORGANIZATIONNAME = "___FULLUSERNAME___";
				TargetAttributes = {
					79784F4619A90CB10035537B = {
						TestTargetID = 79784F2519A90CB10035537B;
					};
				};
			};
			buildConfigurationList = 79784F2119A90CB10035537B /* Build configuration list for PBXProject "UNNavigationController" */;
			compatibilityVersion = "Xcode 3.2";
			developmentRegion = English;
			hasScannedForEncodings = 0;
			knownRegions = (
				en,
				Base,
			);
			mainGroup = 79784F1D19A90CB10035537B;
			productRefGroup = 79784F2719A90CB10035537B /* Products */;
			projectDirPath = "";
			projectRoot = "";
			targets = (
				79784F2519A90CB10035537B /* UNNavigationController */,
				79784F4619A90CB10035537B /* UNNavigationControllerTests */,
			);
		};
/* End PBXProject section */

/* Begin PBXResourcesBuildPhase section */
		79784F2419A90CB10035537B /* Resources */ = {
			isa = PBXResourcesBuildPhase;
			buildActionMask = 2147483647;
			files = (
				79784F6B19A9B4730035537B /* navi_button1@2x.png in Resources */,
				79784F4219A90CB10035537B /* Images.xcassets in Resources */,
				79784F7219A9C5790035537B /* dot_line@2x.png in Resources */,
				79784F6419A9AAAD0035537B /* ViewController2.xib in Resources */,
				79784F5F19A90D460035537B /* ViewController.xib in Resources */,
				79784F7119A9C5790035537B /* dot_line.png in Resources */,
				79784F6919A9AF1F0035537B /* navi_button1.png in Resources */,
				79784F3419A90CB10035537B /* InfoPlist.strings in Resources */,
			);
			runOnlyForDeploymentPostprocessing = 0;
		};
		79784F4519A90CB10035537B /* Resources */ = {
			isa = PBXResourcesBuildPhase;
			buildActionMask = 2147483647;
			files = (
				79784F5319A90CB10035537B /* InfoPlist.strings in Resources */,
			);
			runOnlyForDeploymentPostprocessing = 0;
		};
/* End PBXResourcesBuildPhase section */

/* Begin PBXSourcesBuildPhase section */
		79784F2219A90CB10035537B /* Sources */ = {
			isa = PBXSourcesBuildPhase;
			buildActionMask = 2147483647;
			files = (
				79784F4019A90CB10035537B /* ViewController.m in Sources */,
				79784F6319A9AAAD0035537B /* ViewController2.m in Sources */,
				79784F3A19A90CB10035537B /* AppDelegate.m in Sources */,
				79784F6E19A9B4E40035537B /* UNNavigationController.m in Sources */,
				79784F3619A90CB10035537B /* main.m in Sources */,
			);
			runOnlyForDeploymentPostprocessing = 0;
		};
		79784F4319A90CB10035537B /* Sources */ = {
			isa = PBXSourcesBuildPhase;
			buildActionMask = 2147483647;
			files = (
				79784F5519A90CB10035537B /* UNNavigationControllerTests.m in Sources */,
			);
			runOnlyForDeploymentPostprocessing = 0;
		};
/* End PBXSourcesBuildPhase section */

/* Begin PBXTargetDependency section */
		79784F4D19A90CB10035537B /* PBXTargetDependency */ = {
			isa = PBXTargetDependency;
			target = 79784F2519A90CB10035537B /* UNNavigationController */;
			targetProxy = 79784F4C19A90CB10035537B /* PBXContainerItemProxy */;
		};
/* End PBXTargetDependency section */

/* Begin PBXVariantGroup section */
		79784F3219A90CB10035537B /* InfoPlist.strings */ = {
			isa = PBXVariantGroup;
			children = (
				79784F3319A90CB10035537B /* en */,
			);
			name = InfoPlist.strings;
			sourceTree = "<group>";
		};
		79784F5119A90CB10035537B /* InfoPlist.strings */ = {
			isa = PBXVariantGroup;
			children = (
				79784F5219A90CB10035537B /* en */,
			);
			name = InfoPlist.strings;
			sourceTree = "<group>";
		};
/* End PBXVariantGroup section */

/* Begin XCBuildConfiguration section */
		79784F5619A90CB10035537B /* Debug */ = {
			isa = XCBuildConfiguration;
			buildSettings = {
				ALWAYS_SEARCH_USER_PATHS = NO;
				CLANG_CXX_LANGUAGE_STANDARD = "gnu++0x";
				CLANG_CXX_LIBRARY = "libc++";
				CLANG_ENABLE_MODULES = YES;
				CLANG_ENABLE_OBJC_ARC = YES;
				CLANG_WARN_BOOL_CONVERSION = YES;
				CLANG_WARN_CONSTANT_CONVERSION = YES;
				CLANG_WARN_DIRECT_OBJC_ISA_USAGE = YES_ERROR;
				CLANG_WARN_EMPTY_BODY = YES;
				CLANG_WARN_ENUM_CONVERSION = YES;
				CLANG_WARN_INT_CONVERSION = YES;
				CLANG_WARN_OBJC_ROOT_CLASS = YES_ERROR;
				CLANG_WARN__DUPLICATE_METHOD_MATCH = YES;
				"CODE_SIGN_IDENTITY[sdk=iphoneos*]" = "iPhone Developer";
				COPY_PHASE_STRIP = NO;
				GCC_C_LANGUAGE_STANDARD = gnu99;
				GCC_DYNAMIC_NO_PIC = NO;
				GCC_OPTIMIZATION_LEVEL = 0;
				GCC_PREPROCESSOR_DEFINITIONS = (
					"DEBUG=1",
					"$(inherited)",
				);
				GCC_SYMBOLS_PRIVATE_EXTERN = NO;
				GCC_WARN_64_TO_32_BIT_CONVERSION = YES;
				GCC_WARN_ABOUT_RETURN_TYPE = YES_ERROR;
				GCC_WARN_UNDECLARED_SELECTOR = YES;
				GCC_WARN_UNINITIALIZED_AUTOS = YES_AGGRESSIVE;
				GCC_WARN_UNUSED_FUNCTION = YES;
				GCC_WARN_UNUSED_VARIABLE = YES;
				IPHONEOS_DEPLOYMENT_TARGET = 7.1;
				ONLY_ACTIVE_ARCH = YES;
				SDKROOT = iphoneos;
			};
			name = Debug;
		};
		79784F5719A90CB10035537B /* Release */ = {
			isa = XCBuildConfiguration;
			buildSettings = {
				ALWAYS_SEARCH_USER_PATHS = NO;
				CLANG_CXX_LANGUAGE_STANDARD = "gnu++0x";
				CLANG_CXX_LIBRARY = "libc++";
				CLANG_ENABLE_MODULES = YES;
				CLANG_ENABLE_OBJC_ARC = YES;
				CLANG_WARN_BOOL_CONVERSION = YES;
				CLANG_WARN_CONSTANT_CONVERSION = YES;
				CLANG_WARN_DIRECT_OBJC_ISA_USAGE = YES_ERROR;
				CLANG_WARN_EMPTY_BODY = YES;
				CLANG_WARN_ENUM_CONVERSION = YES;
				CLANG_WARN_INT_CONVERSION = YES;
				CLANG_WARN_OBJC_ROOT_CLASS = YES_ERROR;
				CLANG_WARN__DUPLICATE_METHOD_MATCH = YES;
				"CODE_SIGN_IDENTITY[sdk=iphoneos*]" = "iPhone Developer";
				COPY_PHASE_STRIP = YES;
				ENABLE_NS_ASSERTIONS = NO;
				GCC_C_LANGUAGE_STANDARD = gnu99;
				GCC_WARN_64_TO_32_BIT_CONVERSION = YES;
				GCC_WARN_ABOUT_RETURN_TYPE = YES_ERROR;
				GCC_WARN_UNDECLARED_SELECTOR = YES;
				GCC_WARN_UNINITIALIZED_AUTOS = YES_AGGRESSIVE;
				GCC_WARN_UNUSED_FUNCTION = YES;
				GCC_WARN_UNUSED_VARIABLE = YES;
				IPHONEOS_DEPLOYMENT_TARGET = 7.1;
				SDKROOT = iphoneos;
				VALIDATE_PRODUCT = YES;
			};
			name = Release;
		};
		79784F5919A90CB10035537B /* Debug */ = {
			isa = XCBuildConfiguration;
			buildSettings = {
				ASSETCATALOG_COMPILER_APPICON_NAME = AppIcon;
				ASSETCATALOG_COMPILER_LAUNCHIMAGE_NAME = LaunchImage;
				GCC_PRECOMPILE_PREFIX_HEADER = YES;
				GCC_PREFIX_HEADER = "UNNavigationController/UNNavigationController-Prefix.pch";
				INFOPLIST_FILE = "UNNavigationController/UNNavigationController-Info.plist";
				IPHONEOS_DEPLOYMENT_TARGET = 6.0;
				PRODUCT_NAME = "$(TARGET_NAME)";
				PROVISIONING_PROFILE = "687a2b76-171d-487d-81b0-62d109214a9e";
				WRAPPER_EXTENSION = app;
			};
			name = Debug;
		};
		79784F5A19A90CB10035537B /* Release */ = {
			isa = XCBuildConfiguration;
			buildSettings = {
				ASSETCATALOG_COMPILER_APPICON_NAME = AppIcon;
				ASSETCATALOG_COMPILER_LAUNCHIMAGE_NAME = LaunchImage;
				"CODE_SIGN_IDENTITY[sdk=iphoneos*]" = "iPhone Developer: Shusuke Unno (B6QB2T3FJS)";
				GCC_PRECOMPILE_PREFIX_HEADER = YES;
				GCC_PREFIX_HEADER = "UNNavigationController/UNNavigationController-Prefix.pch";
				INFOPLIST_FILE = "UNNavigationController/UNNavigationController-Info.plist";
				IPHONEOS_DEPLOYMENT_TARGET = 6.0;
				PRODUCT_NAME = "$(TARGET_NAME)";
				WRAPPER_EXTENSION = app;
			};
			name = Release;
		};
		79784F5C19A90CB10035537B /* Debug */ = {
			isa = XCBuildConfiguration;
			buildSettings = {
				BUNDLE_LOADER = "$(BUILT_PRODUCTS_DIR)/UNNavigationController.app/UNNavigationController";
				FRAMEWORK_SEARCH_PATHS = (
					"$(SDKROOT)/Developer/Library/Frameworks",
					"$(inherited)",
					"$(DEVELOPER_FRAMEWORKS_DIR)",
				);
				GCC_PRECOMPILE_PREFIX_HEADER = YES;
				GCC_PREFIX_HEADER = "UNNavigationController/UNNavigationController-Prefix.pch";
				GCC_PREPROCESSOR_DEFINITIONS = (
					"DEBUG=1",
					"$(inherited)",
				);
				INFOPLIST_FILE = "UNNavigationControllerTests/UNNavigationControllerTests-Info.plist";
				PRODUCT_NAME = "$(TARGET_NAME)";
				TEST_HOST = "$(BUNDLE_LOADER)";
				WRAPPER_EXTENSION = xctest;
			};
			name = Debug;
		};
		79784F5D19A90CB10035537B /* Release */ = {
			isa = XCBuildConfiguration;
			buildSettings = {
				BUNDLE_LOADER = "$(BUILT_PRODUCTS_DIR)/UNNavigationController.app/UNNavigationController";
				FRAMEWORK_SEARCH_PATHS = (
					"$(SDKROOT)/Developer/Library/Frameworks",
					"$(inherited)",
					"$(DEVELOPER_FRAMEWORKS_DIR)",
				);
				GCC_PRECOMPILE_PREFIX_HEADER = YES;
				GCC_PREFIX_HEADER = "UNNavigationController/UNNavigationController-Prefix.pch";
				INFOPLIST_FILE = "UNNavigationControllerTests/UNNavigationControllerTests-Info.plist";
				PRODUCT_NAME = "$(TARGET_NAME)";
				TEST_HOST = "$(BUNDLE_LOADER)";
				WRAPPER_EXTENSION = xctest;
			};
			name = Release;
		};
/* End XCBuildConfiguration section */

/* Begin XCConfigurationList section */
		79784F2119A90CB10035537B /* Build configuration list for PBXProject "UNNavigationController" */ = {
			isa = XCConfigurationList;
			buildConfigurations = (
				79784F5619A90CB10035537B /* Debug */,
				79784F5719A90CB10035537B /* Release */,
			);
			defaultConfigurationIsVisible = 0;
			defaultConfigurationName = Release;
		};
		79784F5819A90CB10035537B /* Build configuration list for PBXNativeTarget "UNNavigationController" */ = {
			isa = XCConfigurationList;
			buildConfigurations = (
				79784F5919A90CB10035537B /* Debug */,
				79784F5A19A90CB10035537B /* Release */,
			);
			defaultConfigurationIsVisible = 0;
			defaultConfigurationName = Release;
		};
		79784F5B19A90CB10035537B /* Build configuration list for PBXNativeTarget "UNNavigationControllerTests" */ = {
			isa = XCConfigurationList;
			buildConfigurations = (
				79784F5C19A90CB10035537B /* Debug */,
				79784F5D19A90CB10035537B /* Release */,
			);
			defaultConfigurationIsVisible = 0;
			defaultConfigurationName = Release;
		};
/* End XCConfigurationList section */
	};
	rootObject = 79784F1E19A90CB10035537B /* Project object */;
}
