// !$*UTF8*$!
{
	archiveVersion = 1;
	classes = {
	};
	objectVersion = 46;
	objects = {

/* Begin PBXBuildFile section */
		796828BD19AA25C2007F8098 /* ViewController.xib in Resources */ = {isa = PBXBuildFile; fileRef = 796828BC19AA25C2007F8098 /* ViewController.xib */; };
		79784F8019AA1D5C0035537B /* Foundation.framework in Frameworks */ = {isa = PBXBuildFile; fileRef = 79784F7F19AA1D5C0035537B /* Foundation.framework */; };
		79784F8219AA1D5C0035537B /* CoreGraphics.framework in Frameworks */ = {isa = PBXBuildFile; fileRef = 79784F8119AA1D5C0035537B /* CoreGraphics.framework */; };
		79784F8419AA1D5C0035537B /* UIKit.framework in Frameworks */ = {isa = PBXBuildFile; fileRef = 79784F8319AA1D5C0035537B /* UIKit.framework */; };
		79784F8A19AA1D5C0035537B /* InfoPlist.strings in Resources */ = {isa = PBXBuildFile; fileRef = 79784F8819AA1D5C0035537B /* InfoPlist.strings */; };
		79784F8C19AA1D5C0035537B /* main.m in Sources */ = {isa = PBXBuildFile; fileRef = 79784F8B19AA1D5C0035537B /* main.m */; };
		79784F9019AA1D5C0035537B /* AppDelegate.m in Sources */ = {isa = PBXBuildFile; fileRef = 79784F8F19AA1D5C0035537B /* AppDelegate.m */; };
		79784F9619AA1D5C0035537B /* ViewController.m in Sources */ = {isa = PBXBuildFile; fileRef = 79784F9519AA1D5C0035537B /* ViewController.m */; };
		79784F9819AA1D5C0035537B /* Images.xcassets in Resources */ = {isa = PBXBuildFile; fileRef = 79784F9719AA1D5C0035537B /* Images.xcassets */; };
		79784F9F19AA1D5C0035537B /* XCTest.framework in Frameworks */ = {isa = PBXBuildFile; fileRef = 79784F9E19AA1D5C0035537B /* XCTest.framework */; };
		79784FA019AA1D5C0035537B /* Foundation.framework in Frameworks */ = {isa = PBXBuildFile; fileRef = 79784F7F19AA1D5C0035537B /* Foundation.framework */; };
		79784FA119AA1D5C0035537B /* UIKit.framework in Frameworks */ = {isa = PBXBuildFile; fileRef = 79784F8319AA1D5C0035537B /* UIKit.framework */; };
		79784FA919AA1D5C0035537B /* InfoPlist.strings in Resources */ = {isa = PBXBuildFile; fileRef = 79784FA719AA1D5C0035537B /* InfoPlist.strings */; };
		79784FAB19AA1D5C0035537B /* UNImagePickerTests.m in Sources */ = {isa = PBXBuildFile; fileRef = 79784FAA19AA1D5C0035537B /* UNImagePickerTests.m */; };
/* End PBXBuildFile section */

/* Begin PBXContainerItemProxy section */
		79784FA219AA1D5C0035537B /* PBXContainerItemProxy */ = {
			isa = PBXContainerItemProxy;
			containerPortal = 79784F7419AA1D5C0035537B /* Project object */;
			proxyType = 1;
			remoteGlobalIDString = 79784F7B19AA1D5C0035537B;
			remoteInfo = UNImagePicker;
		};
/* End PBXContainerItemProxy section */

/* Begin PBXFileReference section */
		796828BC19AA25C2007F8098 /* ViewController.xib */ = {isa = PBXFileReference; fileEncoding = 4; lastKnownFileType = file.xib; path = ViewController.xib; sourceTree = "<group>"; };
		796828BE19AA453D007F8098 /* ja */ = {isa = PBXFileReference; lastKnownFileType = text.plist.strings; name = ja; path = ja.lproj/InfoPlist.strings; sourceTree = "<group>"; };
		796828BF19AA453D007F8098 /* ja */ = {isa = PBXFileReference; lastKnownFileType = text.plist.strings; name = ja; path = ja.lproj/InfoPlist.strings; sourceTree = "<group>"; };
		79784F7C19AA1D5C0035537B /* UNImagePicker.app */ = {isa = PBXFileReference; explicitFileType = wrapper.application; includeInIndex = 0; path = UNImagePicker.app; sourceTree = BUILT_PRODUCTS_DIR; };
		79784F7F19AA1D5C0035537B /* Foundation.framework */ = {isa = PBXFileReference; lastKnownFileType = wrapper.framework; name = Foundation.framework; path = System/Library/Frameworks/Foundation.framework; sourceTree = SDKROOT; };
		79784F8119AA1D5C0035537B /* CoreGraphics.framework */ = {isa = PBXFileReference; lastKnownFileType = wrapper.framework; name = CoreGraphics.framework; path = System/Library/Frameworks/CoreGraphics.framework; sourceTree = SDKROOT; };
		79784F8319AA1D5C0035537B /* UIKit.framework */ = {isa = PBXFileReference; lastKnownFileType = wrapper.framework; name = UIKit.framework; path = System/Library/Frameworks/UIKit.framework; sourceTree = SDKROOT; };
		79784F8719AA1D5C0035537B /* UNImagePicker-Info.plist */ = {isa = PBXFileReference; lastKnownFileType = text.plist.xml; path = "UNImagePicker-Info.plist"; sourceTree = "<group>"; };
		79784F8919AA1D5C0035537B /* en */ = {isa = PBXFileReference; lastKnownFileType = text.plist.strings; name = en; path = en.lproj/InfoPlist.strings; sourceTree = "<group>"; };
		79784F8B19AA1D5C0035537B /* main.m */ = {isa = PBXFileReference; lastKnownFileType = sourcecode.c.objc; path = main.m; sourceTree = "<group>"; };
		79784F8D19AA1D5C0035537B /* UNImagePicker-Prefix.pch */ = {isa = PBXFileReference; lastKnownFileType = sourcecode.c.h; path = "UNImagePicker-Prefix.pch"; sourceTree = "<group>"; };
		79784F8E19AA1D5C0035537B /* AppDelegate.h */ = {isa = PBXFileReference; lastKnownFileType = sourcecode.c.h; path = AppDelegate.h; sourceTree = "<group>"; };
		79784F8F19AA1D5C0035537B /* AppDelegate.m */ = {isa = PBXFileReference; lastKnownFileType = sourcecode.c.objc; path = AppDelegate.m; sourceTree = "<group>"; };
		79784F9419AA1D5C0035537B /* ViewController.h */ = {isa = PBXFileReference; lastKnownFileType = sourcecode.c.h; path = ViewController.h; sourceTree = "<group>"; };
		79784F9519AA1D5C0035537B /* ViewController.m */ = {isa = PBXFileReference; lastKnownFileType = sourcecode.c.objc; path = ViewController.m; sourceTree = "<group>"; };
		79784F9719AA1D5C0035537B /* Images.xcassets */ = {isa = PBXFileReference; lastKnownFileType = folder.assetcatalog; path = Images.xcassets; sourceTree = "<group>"; };
		79784F9D19AA1D5C0035537B /* UNImagePickerTests.xctest */ = {isa = PBXFileReference; explicitFileType = wrapper.cfbundle; includeInIndex = 0; path = UNImagePickerTests.xctest; sourceTree = BUILT_PRODUCTS_DIR; };
		79784F9E19AA1D5C0035537B /* XCTest.framework */ = {isa = PBXFileReference; lastKnownFileType = wrapper.framework; name = XCTest.framework; path = Library/Frameworks/XCTest.framework; sourceTree = DEVELOPER_DIR; };
		79784FA619AA1D5C0035537B /* UNImagePickerTests-Info.plist */ = {isa = PBXFileReference; lastKnownFileType = text.plist.xml; path = "UNImagePickerTests-Info.plist"; sourceTree = "<group>"; };
		79784FA819AA1D5C0035537B /* en */ = {isa = PBXFileReference; lastKnownFileType = text.plist.strings; name = en; path = en.lproj/InfoPlist.strings; sourceTree = "<group>"; };
		79784FAA19AA1D5C0035537B /* UNImagePickerTests.m */ = {isa = PBXFileReference; lastKnownFileType = sourcecode.c.objc; path = UNImagePickerTests.m; sourceTree = "<group>"; };
/* End PBXFileReference section */

/* Begin PBXFrameworksBuildPhase section */
		79784F7919AA1D5C0035537B /* Frameworks */ = {
			isa = PBXFrameworksBuildPhase;
			buildActionMask = 2147483647;
			files = (
				79784F8219AA1D5C0035537B /* CoreGraphics.framework in Frameworks */,
				79784F8419AA1D5C0035537B /* UIKit.framework in Frameworks */,
				79784F8019AA1D5C0035537B /* Foundation.framework in Frameworks */,
			);
			runOnlyForDeploymentPostprocessing = 0;
		};
		79784F9A19AA1D5C0035537B /* Frameworks */ = {
			isa = PBXFrameworksBuildPhase;
			buildActionMask = 2147483647;
			files = (
				79784F9F19AA1D5C0035537B /* XCTest.framework in Frameworks */,
				79784FA119AA1D5C0035537B /* UIKit.framework in Frameworks */,
				79784FA019AA1D5C0035537B /* Foundation.framework in Frameworks */,
			);
			runOnlyForDeploymentPostprocessing = 0;
		};
/* End PBXFrameworksBuildPhase section */

/* Begin PBXGroup section */
		79784F7319AA1D5C0035537B = {
			isa = PBXGroup;
			children = (
				79784F8519AA1D5C0035537B /* UNImagePicker */,
				79784FA419AA1D5C0035537B /* UNImagePickerTests */,
				79784F7E19AA1D5C0035537B /* Frameworks */,
				79784F7D19AA1D5C0035537B /* Products */,
			);
			sourceTree = "<group>";
		};
		79784F7D19AA1D5C0035537B /* Products */ = {
			isa = PBXGroup;
			children = (
				79784F7C19AA1D5C0035537B /* UNImagePicker.app */,
				79784F9D19AA1D5C0035537B /* UNImagePickerTests.xctest */,
			);
			name = Products;
			sourceTree = "<group>";
		};
		79784F7E19AA1D5C0035537B /* Frameworks */ = {
			isa = PBXGroup;
			children = (
				79784F7F19AA1D5C0035537B /* Foundation.framework */,
				79784F8119AA1D5C0035537B /* CoreGraphics.framework */,
				79784F8319AA1D5C0035537B /* UIKit.framework */,
				79784F9E19AA1D5C0035537B /* XCTest.framework */,
			);
			name = Frameworks;
			sourceTree = "<group>";
		};
		79784F8519AA1D5C0035537B /* UNImagePicker */ = {
			isa = PBXGroup;
			children = (
				79784F8E19AA1D5C0035537B /* AppDelegate.h */,
				79784F8F19AA1D5C0035537B /* AppDelegate.m */,
				79784F9419AA1D5C0035537B /* ViewController.h */,
				79784F9519AA1D5C0035537B /* ViewController.m */,
				796828BC19AA25C2007F8098 /* ViewController.xib */,
				79784F9719AA1D5C0035537B /* Images.xcassets */,
				79784F8619AA1D5C0035537B /* Supporting Files */,
			);
			path = UNImagePicker;
			sourceTree = "<group>";
		};
		79784F8619AA1D5C0035537B /* Supporting Files */ = {
			isa = PBXGroup;
			children = (
				79784F8719AA1D5C0035537B /* UNImagePicker-Info.plist */,
				79784F8819AA1D5C0035537B /* InfoPlist.strings */,
				79784F8B19AA1D5C0035537B /* main.m */,
				79784F8D19AA1D5C0035537B /* UNImagePicker-Prefix.pch */,
			);
			name = "Supporting Files";
			sourceTree = "<group>";
		};
		79784FA419AA1D5C0035537B /* UNImagePickerTests */ = {
			isa = PBXGroup;
			children = (
				79784FAA19AA1D5C0035537B /* UNImagePickerTests.m */,
				79784FA519AA1D5C0035537B /* Supporting Files */,
			);
			path = UNImagePickerTests;
			sourceTree = "<group>";
		};
		79784FA519AA1D5C0035537B /* Supporting Files */ = {
			isa = PBXGroup;
			children = (
				79784FA619AA1D5C0035537B /* UNImagePickerTests-Info.plist */,
				79784FA719AA1D5C0035537B /* InfoPlist.strings */,
			);
			name = "Supporting Files";
			sourceTree = "<group>";
		};
/* End PBXGroup section */

/* Begin PBXNativeTarget section */
		79784F7B19AA1D5C0035537B /* UNImagePicker */ = {
			isa = PBXNativeTarget;
			buildConfigurationList = 79784FAE19AA1D5C0035537B /* Build configuration list for PBXNativeTarget "UNImagePicker" */;
			buildPhases = (
				79784F7819AA1D5C0035537B /* Sources */,
				79784F7919AA1D5C0035537B /* Frameworks */,
				79784F7A19AA1D5C0035537B /* Resources */,
			);
			buildRules = (
			);
			dependencies = (
			);
			name = UNImagePicker;
			productName = UNImagePicker;
			productReference = 79784F7C19AA1D5C0035537B /* UNImagePicker.app */;
			productType = "com.apple.product-type.application";
		};
		79784F9C19AA1D5C0035537B /* UNImagePickerTests */ = {
			isa = PBXNativeTarget;
			buildConfigurationList = 79784FB119AA1D5C0035537B /* Build configuration list for PBXNativeTarget "UNImagePickerTests" */;
			buildPhases = (
				79784F9919AA1D5C0035537B /* Sources */,
				79784F9A19AA1D5C0035537B /* Frameworks */,
				79784F9B19AA1D5C0035537B /* Resources */,
			);
			buildRules = (
			);
			dependencies = (
				79784FA319AA1D5C0035537B /* PBXTargetDependency */,
			);
			name = UNImagePickerTests;
			productName = UNImagePickerTests;
			productReference = 79784F9D19AA1D5C0035537B /* UNImagePickerTests.xctest */;
			productType = "com.apple.product-type.bundle.unit-test";
		};
/* End PBXNativeTarget section */

/* Begin PBXProject section */
		79784F7419AA1D5C0035537B /* Project object */ = {
			isa = PBXProject;
			attributes = {
				LastUpgradeCheck = 0510;
				ORGANIZATIONNAME = "___FULLUSERNAME___";
				TargetAttributes = {
					79784F9C19AA1D5C0035537B = {
						TestTargetID = 79784F7B19AA1D5C0035537B;
					};
				};
			};
			buildConfigurationList = 79784F7719AA1D5C0035537B /* Build configuration list for PBXProject "UNImagePicker" */;
			compatibilityVersion = "Xcode 3.2";
			developmentRegion = English;
			hasScannedForEncodings = 0;
			knownRegions = (
				en,
				Base,
				ja,
			);
			mainGroup = 79784F7319AA1D5C0035537B;
			productRefGroup = 79784F7D19AA1D5C0035537B /* Products */;
			projectDirPath = "";
			projectRoot = "";
			targets = (
				79784F7B19AA1D5C0035537B /* UNImagePicker */,
				79784F9C19AA1D5C0035537B /* UNImagePickerTests */,
			);
		};
/* End PBXProject section */

/* Begin PBXResourcesBuildPhase section */
		79784F7A19AA1D5C0035537B /* Resources */ = {
			isa = PBXResourcesBuildPhase;
			buildActionMask = 2147483647;
			files = (
				79784F9819AA1D5C0035537B /* Images.xcassets in Resources */,
				796828BD19AA25C2007F8098 /* ViewController.xib in Resources */,
				79784F8A19AA1D5C0035537B /* InfoPlist.strings in Resources */,
			);
			runOnlyForDeploymentPostprocessing = 0;
		};
		79784F9B19AA1D5C0035537B /* Resources */ = {
			isa = PBXResourcesBuildPhase;
			buildActionMask = 2147483647;
			files = (
				79784FA919AA1D5C0035537B /* InfoPlist.strings in Resources */,
			);
			runOnlyForDeploymentPostprocessing = 0;
		};
/* End PBXResourcesBuildPhase section */

/* Begin PBXSourcesBuildPhase section */
		79784F7819AA1D5C0035537B /* Sources */ = {
			isa = PBXSourcesBuildPhase;
			buildActionMask = 2147483647;
			files = (
				79784F9619AA1D5C0035537B /* ViewController.m in Sources */,
				79784F9019AA1D5C0035537B /* AppDelegate.m in Sources */,
				79784F8C19AA1D5C0035537B /* main.m in Sources */,
			);
			runOnlyForDeploymentPostprocessing = 0;
		};
		79784F9919AA1D5C0035537B /* Sources */ = {
			isa = PBXSourcesBuildPhase;
			buildActionMask = 2147483647;
			files = (
				79784FAB19AA1D5C0035537B /* UNImagePickerTests.m in Sources */,
			);
			runOnlyForDeploymentPostprocessing = 0;
		};
/* End PBXSourcesBuildPhase section */

/* Begin PBXTargetDependency section */
		79784FA319AA1D5C0035537B /* PBXTargetDependency */ = {
			isa = PBXTargetDependency;
			target = 79784F7B19AA1D5C0035537B /* UNImagePicker */;
			targetProxy = 79784FA219AA1D5C0035537B /* PBXContainerItemProxy */;
		};
/* End PBXTargetDependency section */

/* Begin PBXVariantGroup section */
		79784F8819AA1D5C0035537B /* InfoPlist.strings */ = {
			isa = PBXVariantGroup;
			children = (
				79784F8919AA1D5C0035537B /* en */,
				796828BE19AA453D007F8098 /* ja */,
			);
			name = InfoPlist.strings;
			sourceTree = "<group>";
		};
		79784FA719AA1D5C0035537B /* InfoPlist.strings */ = {
			isa = PBXVariantGroup;
			children = (
				79784FA819AA1D5C0035537B /* en */,
				796828BF19AA453D007F8098 /* ja */,
			);
			name = InfoPlist.strings;
			sourceTree = "<group>";
		};
/* End PBXVariantGroup section */

/* Begin XCBuildConfiguration section */
		79784FAC19AA1D5C0035537B /* Debug */ = {
			isa = XCBuildConfiguration;
			buildSettings = {
				ALWAYS_SEARCH_USER_PATHS = NO;
				CLANG_CXX_LANGUAGE_STANDARD = "gnu++0x";
				CLANG_CXX_LIBRARY = "libc++";
				CLANG_ENABLE_MODULES = YES;
				CLANG_ENABLE_OBJC_ARC = YES;
				CLANG_WARN_BOOL_CONVERSION = YES;
				CLANG_WARN_CONSTANT_CONVERSION = YES;
				CLANG_WARN_DIRECT_OBJC_ISA_USAGE = YES_ERROR;
				CLANG_WARN_EMPTY_BODY = YES;
				CLANG_WARN_ENUM_CONVERSION = YES;
				CLANG_WARN_INT_CONVERSION = YES;
				CLANG_WARN_OBJC_ROOT_CLASS = YES_ERROR;
				CLANG_WARN__DUPLICATE_METHOD_MATCH = YES;
				"CODE_SIGN_IDENTITY[sdk=iphoneos*]" = "iPhone Developer";
				COPY_PHASE_STRIP = NO;
				GCC_C_LANGUAGE_STANDARD = gnu99;
				GCC_DYNAMIC_NO_PIC = NO;
				GCC_OPTIMIZATION_LEVEL = 0;
				GCC_PREPROCESSOR_DEFINITIONS = (
					"DEBUG=1",
					"$(inherited)",
				);
				GCC_SYMBOLS_PRIVATE_EXTERN = NO;
				GCC_WARN_64_TO_32_BIT_CONVERSION = YES;
				GCC_WARN_ABOUT_RETURN_TYPE = YES_ERROR;
				GCC_WARN_UNDECLARED_SELECTOR = YES;
				GCC_WARN_UNINITIALIZED_AUTOS = YES_AGGRESSIVE;
				GCC_WARN_UNUSED_FUNCTION = YES;
				GCC_WARN_UNUSED_VARIABLE = YES;
				IPHONEOS_DEPLOYMENT_TARGET = 7.1;
				ONLY_ACTIVE_ARCH = YES;
				SDKROOT = iphoneos;
			};
			name = Debug;
		};
		79784FAD19AA1D5C0035537B /* Release */ = {
			isa = XCBuildConfiguration;
			buildSettings = {
				ALWAYS_SEARCH_USER_PATHS = NO;
				CLANG_CXX_LANGUAGE_STANDARD = "gnu++0x";
				CLANG_CXX_LIBRARY = "libc++";
				CLANG_ENABLE_MODULES = YES;
				CLANG_ENABLE_OBJC_ARC = YES;
				CLANG_WARN_BOOL_CONVERSION = YES;
				CLANG_WARN_CONSTANT_CONVERSION = YES;
				CLANG_WARN_DIRECT_OBJC_ISA_USAGE = YES_ERROR;
				CLANG_WARN_EMPTY_BODY = YES;
				CLANG_WARN_ENUM_CONVERSION = YES;
				CLANG_WARN_INT_CONVERSION = YES;
				CLANG_WARN_OBJC_ROOT_CLASS = YES_ERROR;
				CLANG_WARN__DUPLICATE_METHOD_MATCH = YES;
				"CODE_SIGN_IDENTITY[sdk=iphoneos*]" = "iPhone Developer";
				COPY_PHASE_STRIP = YES;
				ENABLE_NS_ASSERTIONS = NO;
				GCC_C_LANGUAGE_STANDARD = gnu99;
				GCC_WARN_64_TO_32_BIT_CONVERSION = YES;
				GCC_WARN_ABOUT_RETURN_TYPE = YES_ERROR;
				GCC_WARN_UNDECLARED_SELECTOR = YES;
				GCC_WARN_UNINITIALIZED_AUTOS = YES_AGGRESSIVE;
				GCC_WARN_UNUSED_FUNCTION = YES;
				GCC_WARN_UNUSED_VARIABLE = YES;
				IPHONEOS_DEPLOYMENT_TARGET = 7.1;
				SDKROOT = iphoneos;
				VALIDATE_PRODUCT = YES;
			};
			name = Release;
		};
		79784FAF19AA1D5C0035537B /* Debug */ = {
			isa = XCBuildConfiguration;
			buildSettings = {
				ASSETCATALOG_COMPILER_APPICON_NAME = AppIcon;
				ASSETCATALOG_COMPILER_LAUNCHIMAGE_NAME = LaunchImage;
				GCC_PRECOMPILE_PREFIX_HEADER = YES;
				GCC_PREFIX_HEADER = "UNImagePicker/UNImagePicker-Prefix.pch";
				INFOPLIST_FILE = "UNImagePicker/UNImagePicker-Info.plist";
				PRODUCT_NAME = "$(TARGET_NAME)";
				WRAPPER_EXTENSION = app;
			};
			name = Debug;
		};
		79784FB019AA1D5C0035537B /* Release */ = {
			isa = XCBuildConfiguration;
			buildSettings = {
				ASSETCATALOG_COMPILER_APPICON_NAME = AppIcon;
				ASSETCATALOG_COMPILER_LAUNCHIMAGE_NAME = LaunchImage;
				GCC_PRECOMPILE_PREFIX_HEADER = YES;
				GCC_PREFIX_HEADER = "UNImagePicker/UNImagePicker-Prefix.pch";
				INFOPLIST_FILE = "UNImagePicker/UNImagePicker-Info.plist";
				PRODUCT_NAME = "$(TARGET_NAME)";
				WRAPPER_EXTENSION = app;
			};
			name = Release;
		};
		79784FB219AA1D5C0035537B /* Debug */ = {
			isa = XCBuildConfiguration;
			buildSettings = {
				BUNDLE_LOADER = "$(BUILT_PRODUCTS_DIR)/UNImagePicker.app/UNImagePicker";
				FRAMEWORK_SEARCH_PATHS = (
					"$(SDKROOT)/Developer/Library/Frameworks",
					"$(inherited)",
					"$(DEVELOPER_FRAMEWORKS_DIR)",
				);
				GCC_PRECOMPILE_PREFIX_HEADER = YES;
				GCC_PREFIX_HEADER = "UNImagePicker/UNImagePicker-Prefix.pch";
				GCC_PREPROCESSOR_DEFINITIONS = (
					"DEBUG=1",
					"$(inherited)",
				);
				INFOPLIST_FILE = "UNImagePickerTests/UNImagePickerTests-Info.plist";
				PRODUCT_NAME = "$(TARGET_NAME)";
				TEST_HOST = "$(BUNDLE_LOADER)";
				WRAPPER_EXTENSION = xctest;
			};
			name = Debug;
		};
		79784FB319AA1D5C0035537B /* Release */ = {
			isa = XCBuildConfiguration;
			buildSettings = {
				BUNDLE_LOADER = "$(BUILT_PRODUCTS_DIR)/UNImagePicker.app/UNImagePicker";
				FRAMEWORK_SEARCH_PATHS = (
					"$(SDKROOT)/Developer/Library/Frameworks",
					"$(inherited)",
					"$(DEVELOPER_FRAMEWORKS_DIR)",
				);
				GCC_PRECOMPILE_PREFIX_HEADER = YES;
				GCC_PREFIX_HEADER = "UNImagePicker/UNImagePicker-Prefix.pch";
				INFOPLIST_FILE = "UNImagePickerTests/UNImagePickerTests-Info.plist";
				PRODUCT_NAME = "$(TARGET_NAME)";
				TEST_HOST = "$(BUNDLE_LOADER)";
				WRAPPER_EXTENSION = xctest;
			};
			name = Release;
		};
/* End XCBuildConfiguration section */

/* Begin XCConfigurationList section */
		79784F7719AA1D5C0035537B /* Build configuration list for PBXProject "UNImagePicker" */ = {
			isa = XCConfigurationList;
			buildConfigurations = (
				79784FAC19AA1D5C0035537B /* Debug */,
				79784FAD19AA1D5C0035537B /* Release */,
			);
			defaultConfigurationIsVisible = 0;
			defaultConfigurationName = Release;
		};
		79784FAE19AA1D5C0035537B /* Build configuration list for PBXNativeTarget "UNImagePicker" */ = {
			isa = XCConfigurationList;
			buildConfigurations = (
				79784FAF19AA1D5C0035537B /* Debug */,
				79784FB019AA1D5C0035537B /* Release */,
			);
			defaultConfigurationIsVisible = 0;
			defaultConfigurationName = Release;
		};
		79784FB119AA1D5C0035537B /* Build configuration list for PBXNativeTarget "UNImagePickerTests" */ = {
			isa = XCConfigurationList;
			buildConfigurations = (
				79784FB219AA1D5C0035537B /* Debug */,
				79784FB319AA1D5C0035537B /* Release */,
			);
			defaultConfigurationIsVisible = 0;
			defaultConfigurationName = Release;
		};
/* End XCConfigurationList section */
	};
	rootObject = 79784F7419AA1D5C0035537B /* Project object */;
}
