// !$*UTF8*$!
{
	archiveVersion = 1;
	classes = {
	};
	objectVersion = 46;
	objects = {

/* Begin PBXBuildFile section */
		929DF84019CAE687006A1F16 /* Foundation.framework in Frameworks */ = {isa = PBXBuildFile; fileRef = 929DF83F19CAE687006A1F16 /* Foundation.framework */; };
		929DF84219CAE687006A1F16 /* CoreGraphics.framework in Frameworks */ = {isa = PBXBuildFile; fileRef = 929DF84119CAE687006A1F16 /* CoreGraphics.framework */; };
		929DF84419CAE687006A1F16 /* UIKit.framework in Frameworks */ = {isa = PBXBuildFile; fileRef = 929DF84319CAE687006A1F16 /* UIKit.framework */; };
		929DF84A19CAE687006A1F16 /* InfoPlist.strings in Resources */ = {isa = PBXBuildFile; fileRef = 929DF84819CAE687006A1F16 /* InfoPlist.strings */; };
		929DF84C19CAE687006A1F16 /* main.m in Sources */ = {isa = PBXBuildFile; fileRef = 929DF84B19CAE687006A1F16 /* main.m */; };
		929DF85019CAE687006A1F16 /* AppDelegate.m in Sources */ = {isa = PBXBuildFile; fileRef = 929DF84F19CAE687006A1F16 /* AppDelegate.m */; };
		929DF85319CAE687006A1F16 /* RootViewController.m in Sources */ = {isa = PBXBuildFile; fileRef = 929DF85219CAE687006A1F16 /* RootViewController.m */; };
		929DF85619CAE687006A1F16 /* DataViewController.m in Sources */ = {isa = PBXBuildFile; fileRef = 929DF85519CAE687006A1F16 /* DataViewController.m */; };
		929DF85919CAE687006A1F16 /* ModelController.m in Sources */ = {isa = PBXBuildFile; fileRef = 929DF85819CAE687006A1F16 /* ModelController.m */; };
		929DF85C19CAE687006A1F16 /* Main.storyboard in Resources */ = {isa = PBXBuildFile; fileRef = 929DF85A19CAE687006A1F16 /* Main.storyboard */; };
		929DF85E19CAE687006A1F16 /* Images.xcassets in Resources */ = {isa = PBXBuildFile; fileRef = 929DF85D19CAE687006A1F16 /* Images.xcassets */; };
		929DF86519CAE687006A1F16 /* XCTest.framework in Frameworks */ = {isa = PBXBuildFile; fileRef = 929DF86419CAE687006A1F16 /* XCTest.framework */; };
		929DF86619CAE687006A1F16 /* Foundation.framework in Frameworks */ = {isa = PBXBuildFile; fileRef = 929DF83F19CAE687006A1F16 /* Foundation.framework */; };
		929DF86719CAE687006A1F16 /* UIKit.framework in Frameworks */ = {isa = PBXBuildFile; fileRef = 929DF84319CAE687006A1F16 /* UIKit.framework */; };
		929DF86F19CAE687006A1F16 /* InfoPlist.strings in Resources */ = {isa = PBXBuildFile; fileRef = 929DF86D19CAE687006A1F16 /* InfoPlist.strings */; };
		929DF87119CAE687006A1F16 /* UNPageViewControllerTests.m in Sources */ = {isa = PBXBuildFile; fileRef = 929DF87019CAE687006A1F16 /* UNPageViewControllerTests.m */; };
/* End PBXBuildFile section */

/* Begin PBXContainerItemProxy section */
		929DF86819CAE687006A1F16 /* PBXContainerItemProxy */ = {
			isa = PBXContainerItemProxy;
			containerPortal = 929DF83419CAE687006A1F16 /* Project object */;
			proxyType = 1;
			remoteGlobalIDString = 929DF83B19CAE687006A1F16;
			remoteInfo = UNPageViewController;
		};
/* End PBXContainerItemProxy section */

/* Begin PBXFileReference section */
		929DF83C19CAE687006A1F16 /* UNPageViewController.app */ = {isa = PBXFileReference; explicitFileType = wrapper.application; includeInIndex = 0; path = UNPageViewController.app; sourceTree = BUILT_PRODUCTS_DIR; };
		929DF83F19CAE687006A1F16 /* Foundation.framework */ = {isa = PBXFileReference; lastKnownFileType = wrapper.framework; name = Foundation.framework; path = System/Library/Frameworks/Foundation.framework; sourceTree = SDKROOT; };
		929DF84119CAE687006A1F16 /* CoreGraphics.framework */ = {isa = PBXFileReference; lastKnownFileType = wrapper.framework; name = CoreGraphics.framework; path = System/Library/Frameworks/CoreGraphics.framework; sourceTree = SDKROOT; };
		929DF84319CAE687006A1F16 /* UIKit.framework */ = {isa = PBXFileReference; lastKnownFileType = wrapper.framework; name = UIKit.framework; path = System/Library/Frameworks/UIKit.framework; sourceTree = SDKROOT; };
		929DF84719CAE687006A1F16 /* UNPageViewController-Info.plist */ = {isa = PBXFileReference; lastKnownFileType = text.plist.xml; path = "UNPageViewController-Info.plist"; sourceTree = "<group>"; };
		929DF84919CAE687006A1F16 /* en */ = {isa = PBXFileReference; lastKnownFileType = text.plist.strings; name = en; path = en.lproj/InfoPlist.strings; sourceTree = "<group>"; };
		929DF84B19CAE687006A1F16 /* main.m */ = {isa = PBXFileReference; lastKnownFileType = sourcecode.c.objc; path = main.m; sourceTree = "<group>"; };
		929DF84D19CAE687006A1F16 /* UNPageViewController-Prefix.pch */ = {isa = PBXFileReference; lastKnownFileType = sourcecode.c.h; path = "UNPageViewController-Prefix.pch"; sourceTree = "<group>"; };
		929DF84E19CAE687006A1F16 /* AppDelegate.h */ = {isa = PBXFileReference; lastKnownFileType = sourcecode.c.h; path = AppDelegate.h; sourceTree = "<group>"; };
		929DF84F19CAE687006A1F16 /* AppDelegate.m */ = {isa = PBXFileReference; lastKnownFileType = sourcecode.c.objc; path = AppDelegate.m; sourceTree = "<group>"; };
		929DF85119CAE687006A1F16 /* RootViewController.h */ = {isa = PBXFileReference; lastKnownFileType = sourcecode.c.h; path = RootViewController.h; sourceTree = "<group>"; };
		929DF85219CAE687006A1F16 /* RootViewController.m */ = {isa = PBXFileReference; lastKnownFileType = sourcecode.c.objc; path = RootViewController.m; sourceTree = "<group>"; };
		929DF85419CAE687006A1F16 /* DataViewController.h */ = {isa = PBXFileReference; lastKnownFileType = sourcecode.c.h; path = DataViewController.h; sourceTree = "<group>"; };
		929DF85519CAE687006A1F16 /* DataViewController.m */ = {isa = PBXFileReference; lastKnownFileType = sourcecode.c.objc; path = DataViewController.m; sourceTree = "<group>"; };
		929DF85719CAE687006A1F16 /* ModelController.h */ = {isa = PBXFileReference; lastKnownFileType = sourcecode.c.h; path = ModelController.h; sourceTree = "<group>"; };
		929DF85819CAE687006A1F16 /* ModelController.m */ = {isa = PBXFileReference; lastKnownFileType = sourcecode.c.objc; path = ModelController.m; sourceTree = "<group>"; };
		929DF85B19CAE687006A1F16 /* Base */ = {isa = PBXFileReference; lastKnownFileType = file.storyboard; name = Base; path = Base.lproj/Main.storyboard; sourceTree = "<group>"; };
		929DF85D19CAE687006A1F16 /* Images.xcassets */ = {isa = PBXFileReference; lastKnownFileType = folder.assetcatalog; path = Images.xcassets; sourceTree = "<group>"; };
		929DF86319CAE687006A1F16 /* UNPageViewControllerTests.xctest */ = {isa = PBXFileReference; explicitFileType = wrapper.cfbundle; includeInIndex = 0; path = UNPageViewControllerTests.xctest; sourceTree = BUILT_PRODUCTS_DIR; };
		929DF86419CAE687006A1F16 /* XCTest.framework */ = {isa = PBXFileReference; lastKnownFileType = wrapper.framework; name = XCTest.framework; path = Library/Frameworks/XCTest.framework; sourceTree = DEVELOPER_DIR; };
		929DF86C19CAE687006A1F16 /* UNPageViewControllerTests-Info.plist */ = {isa = PBXFileReference; lastKnownFileType = text.plist.xml; path = "UNPageViewControllerTests-Info.plist"; sourceTree = "<group>"; };
		929DF86E19CAE687006A1F16 /* en */ = {isa = PBXFileReference; lastKnownFileType = text.plist.strings; name = en; path = en.lproj/InfoPlist.strings; sourceTree = "<group>"; };
		929DF87019CAE687006A1F16 /* UNPageViewControllerTests.m */ = {isa = PBXFileReference; lastKnownFileType = sourcecode.c.objc; path = UNPageViewControllerTests.m; sourceTree = "<group>"; };
/* End PBXFileReference section */

/* Begin PBXFrameworksBuildPhase section */
		929DF83919CAE687006A1F16 /* Frameworks */ = {
			isa = PBXFrameworksBuildPhase;
			buildActionMask = 2147483647;
			files = (
				929DF84219CAE687006A1F16 /* CoreGraphics.framework in Frameworks */,
				929DF84419CAE687006A1F16 /* UIKit.framework in Frameworks */,
				929DF84019CAE687006A1F16 /* Foundation.framework in Frameworks */,
			);
			runOnlyForDeploymentPostprocessing = 0;
		};
		929DF86019CAE687006A1F16 /* Frameworks */ = {
			isa = PBXFrameworksBuildPhase;
			buildActionMask = 2147483647;
			files = (
				929DF86519CAE687006A1F16 /* XCTest.framework in Frameworks */,
				929DF86719CAE687006A1F16 /* UIKit.framework in Frameworks */,
				929DF86619CAE687006A1F16 /* Foundation.framework in Frameworks */,
			);
			runOnlyForDeploymentPostprocessing = 0;
		};
/* End PBXFrameworksBuildPhase section */

/* Begin PBXGroup section */
		929DF83319CAE687006A1F16 = {
			isa = PBXGroup;
			children = (
				929DF84519CAE687006A1F16 /* UNPageViewController */,
				929DF86A19CAE687006A1F16 /* UNPageViewControllerTests */,
				929DF83E19CAE687006A1F16 /* Frameworks */,
				929DF83D19CAE687006A1F16 /* Products */,
			);
			sourceTree = "<group>";
		};
		929DF83D19CAE687006A1F16 /* Products */ = {
			isa = PBXGroup;
			children = (
				929DF83C19CAE687006A1F16 /* UNPageViewController.app */,
				929DF86319CAE687006A1F16 /* UNPageViewControllerTests.xctest */,
			);
			name = Products;
			sourceTree = "<group>";
		};
		929DF83E19CAE687006A1F16 /* Frameworks */ = {
			isa = PBXGroup;
			children = (
				929DF83F19CAE687006A1F16 /* Foundation.framework */,
				929DF84119CAE687006A1F16 /* CoreGraphics.framework */,
				929DF84319CAE687006A1F16 /* UIKit.framework */,
				929DF86419CAE687006A1F16 /* XCTest.framework */,
			);
			name = Frameworks;
			sourceTree = "<group>";
		};
		929DF84519CAE687006A1F16 /* UNPageViewController */ = {
			isa = PBXGroup;
			children = (
				929DF84E19CAE687006A1F16 /* AppDelegate.h */,
				929DF84F19CAE687006A1F16 /* AppDelegate.m */,
				929DF85119CAE687006A1F16 /* RootViewController.h */,
				929DF85219CAE687006A1F16 /* RootViewController.m */,
				929DF85419CAE687006A1F16 /* DataViewController.h */,
				929DF85519CAE687006A1F16 /* DataViewController.m */,
				929DF85719CAE687006A1F16 /* ModelController.h */,
				929DF85819CAE687006A1F16 /* ModelController.m */,
				929DF85A19CAE687006A1F16 /* Main.storyboard */,
				929DF85D19CAE687006A1F16 /* Images.xcassets */,
				929DF84619CAE687006A1F16 /* Supporting Files */,
			);
			path = UNPageViewController;
			sourceTree = "<group>";
		};
		929DF84619CAE687006A1F16 /* Supporting Files */ = {
			isa = PBXGroup;
			children = (
				929DF84719CAE687006A1F16 /* UNPageViewController-Info.plist */,
				929DF84819CAE687006A1F16 /* InfoPlist.strings */,
				929DF84B19CAE687006A1F16 /* main.m */,
				929DF84D19CAE687006A1F16 /* UNPageViewController-Prefix.pch */,
			);
			name = "Supporting Files";
			sourceTree = "<group>";
		};
		929DF86A19CAE687006A1F16 /* UNPageViewControllerTests */ = {
			isa = PBXGroup;
			children = (
				929DF87019CAE687006A1F16 /* UNPageViewControllerTests.m */,
				929DF86B19CAE687006A1F16 /* Supporting Files */,
			);
			path = UNPageViewControllerTests;
			sourceTree = "<group>";
		};
		929DF86B19CAE687006A1F16 /* Supporting Files */ = {
			isa = PBXGroup;
			children = (
				929DF86C19CAE687006A1F16 /* UNPageViewControllerTests-Info.plist */,
				929DF86D19CAE687006A1F16 /* InfoPlist.strings */,
			);
			name = "Supporting Files";
			sourceTree = "<group>";
		};
/* End PBXGroup section */

/* Begin PBXNativeTarget section */
		929DF83B19CAE687006A1F16 /* UNPageViewController */ = {
			isa = PBXNativeTarget;
			buildConfigurationList = 929DF87419CAE687006A1F16 /* Build configuration list for PBXNativeTarget "UNPageViewController" */;
			buildPhases = (
				929DF83819CAE687006A1F16 /* Sources */,
				929DF83919CAE687006A1F16 /* Frameworks */,
				929DF83A19CAE687006A1F16 /* Resources */,
			);
			buildRules = (
			);
			dependencies = (
			);
			name = UNPageViewController;
			productName = UNPageViewController;
			productReference = 929DF83C19CAE687006A1F16 /* UNPageViewController.app */;
			productType = "com.apple.product-type.application";
		};
		929DF86219CAE687006A1F16 /* UNPageViewControllerTests */ = {
			isa = PBXNativeTarget;
			buildConfigurationList = 929DF87719CAE687006A1F16 /* Build configuration list for PBXNativeTarget "UNPageViewControllerTests" */;
			buildPhases = (
				929DF85F19CAE687006A1F16 /* Sources */,
				929DF86019CAE687006A1F16 /* Frameworks */,
				929DF86119CAE687006A1F16 /* Resources */,
			);
			buildRules = (
			);
			dependencies = (
				929DF86919CAE687006A1F16 /* PBXTargetDependency */,
			);
			name = UNPageViewControllerTests;
			productName = UNPageViewControllerTests;
			productReference = 929DF86319CAE687006A1F16 /* UNPageViewControllerTests.xctest */;
			productType = "com.apple.product-type.bundle.unit-test";
		};
/* End PBXNativeTarget section */

/* Begin PBXProject section */
		929DF83419CAE687006A1F16 /* Project object */ = {
			isa = PBXProject;
			attributes = {
				LastUpgradeCheck = 0510;
				ORGANIZATIONNAME = "___FULLUSERNAME___";
				TargetAttributes = {
					929DF86219CAE687006A1F16 = {
						TestTargetID = 929DF83B19CAE687006A1F16;
					};
				};
			};
			buildConfigurationList = 929DF83719CAE687006A1F16 /* Build configuration list for PBXProject "UNPageViewController" */;
			compatibilityVersion = "Xcode 3.2";
			developmentRegion = English;
			hasScannedForEncodings = 0;
			knownRegions = (
				en,
				Base,
			);
			mainGroup = 929DF83319CAE687006A1F16;
			productRefGroup = 929DF83D19CAE687006A1F16 /* Products */;
			projectDirPath = "";
			projectRoot = "";
			targets = (
				929DF83B19CAE687006A1F16 /* UNPageViewController */,
				929DF86219CAE687006A1F16 /* UNPageViewControllerTests */,
			);
		};
/* End PBXProject section */

/* Begin PBXResourcesBuildPhase section */
		929DF83A19CAE687006A1F16 /* Resources */ = {
			isa = PBXResourcesBuildPhase;
			buildActionMask = 2147483647;
			files = (
				929DF85E19CAE687006A1F16 /* Images.xcassets in Resources */,
				929DF84A19CAE687006A1F16 /* InfoPlist.strings in Resources */,
				929DF85C19CAE687006A1F16 /* Main.storyboard in Resources */,
			);
			runOnlyForDeploymentPostprocessing = 0;
		};
		929DF86119CAE687006A1F16 /* Resources */ = {
			isa = PBXResourcesBuildPhase;
			buildActionMask = 2147483647;
			files = (
				929DF86F19CAE687006A1F16 /* InfoPlist.strings in Resources */,
			);
			runOnlyForDeploymentPostprocessing = 0;
		};
/* End PBXResourcesBuildPhase section */

/* Begin PBXSourcesBuildPhase section */
		929DF83819CAE687006A1F16 /* Sources */ = {
			isa = PBXSourcesBuildPhase;
			buildActionMask = 2147483647;
			files = (
				929DF85619CAE687006A1F16 /* DataViewController.m in Sources */,
				929DF85019CAE687006A1F16 /* AppDelegate.m in Sources */,
				929DF85919CAE687006A1F16 /* ModelController.m in Sources */,
				929DF84C19CAE687006A1F16 /* main.m in Sources */,
				929DF85319CAE687006A1F16 /* RootViewController.m in Sources */,
			);
			runOnlyForDeploymentPostprocessing = 0;
		};
		929DF85F19CAE687006A1F16 /* Sources */ = {
			isa = PBXSourcesBuildPhase;
			buildActionMask = 2147483647;
			files = (
				929DF87119CAE687006A1F16 /* UNPageViewControllerTests.m in Sources */,
			);
			runOnlyForDeploymentPostprocessing = 0;
		};
/* End PBXSourcesBuildPhase section */

/* Begin PBXTargetDependency section */
		929DF86919CAE687006A1F16 /* PBXTargetDependency */ = {
			isa = PBXTargetDependency;
			target = 929DF83B19CAE687006A1F16 /* UNPageViewController */;
			targetProxy = 929DF86819CAE687006A1F16 /* PBXContainerItemProxy */;
		};
/* End PBXTargetDependency section */

/* Begin PBXVariantGroup section */
		929DF84819CAE687006A1F16 /* InfoPlist.strings */ = {
			isa = PBXVariantGroup;
			children = (
				929DF84919CAE687006A1F16 /* en */,
			);
			name = InfoPlist.strings;
			sourceTree = "<group>";
		};
		929DF85A19CAE687006A1F16 /* Main.storyboard */ = {
			isa = PBXVariantGroup;
			children = (
				929DF85B19CAE687006A1F16 /* Base */,
			);
			name = Main.storyboard;
			sourceTree = "<group>";
		};
		929DF86D19CAE687006A1F16 /* InfoPlist.strings */ = {
			isa = PBXVariantGroup;
			children = (
				929DF86E19CAE687006A1F16 /* en */,
			);
			name = InfoPlist.strings;
			sourceTree = "<group>";
		};
/* End PBXVariantGroup section */

/* Begin XCBuildConfiguration section */
		929DF87219CAE687006A1F16 /* Debug */ = {
			isa = XCBuildConfiguration;
			buildSettings = {
				ALWAYS_SEARCH_USER_PATHS = NO;
				CLANG_CXX_LANGUAGE_STANDARD = "gnu++0x";
				CLANG_CXX_LIBRARY = "libc++";
				CLANG_ENABLE_MODULES = YES;
				CLANG_ENABLE_OBJC_ARC = YES;
				CLANG_WARN_BOOL_CONVERSION = YES;
				CLANG_WARN_CONSTANT_CONVERSION = YES;
				CLANG_WARN_DIRECT_OBJC_ISA_USAGE = YES_ERROR;
				CLANG_WARN_EMPTY_BODY = YES;
				CLANG_WARN_ENUM_CONVERSION = YES;
				CLANG_WARN_INT_CONVERSION = YES;
				CLANG_WARN_OBJC_ROOT_CLASS = YES_ERROR;
				CLANG_WARN__DUPLICATE_METHOD_MATCH = YES;
				"CODE_SIGN_IDENTITY[sdk=iphoneos*]" = "iPhone Developer";
				COPY_PHASE_STRIP = NO;
				GCC_C_LANGUAGE_STANDARD = gnu99;
				GCC_DYNAMIC_NO_PIC = NO;
				GCC_OPTIMIZATION_LEVEL = 0;
				GCC_PREPROCESSOR_DEFINITIONS = (
					"DEBUG=1",
					"$(inherited)",
				);
				GCC_SYMBOLS_PRIVATE_EXTERN = NO;
				GCC_WARN_64_TO_32_BIT_CONVERSION = YES;
				GCC_WARN_ABOUT_RETURN_TYPE = YES_ERROR;
				GCC_WARN_UNDECLARED_SELECTOR = YES;
				GCC_WARN_UNINITIALIZED_AUTOS = YES_AGGRESSIVE;
				GCC_WARN_UNUSED_FUNCTION = YES;
				GCC_WARN_UNUSED_VARIABLE = YES;
				IPHONEOS_DEPLOYMENT_TARGET = 7.1;
				ONLY_ACTIVE_ARCH = YES;
				SDKROOT = iphoneos;
			};
			name = Debug;
		};
		929DF87319CAE687006A1F16 /* Release */ = {
			isa = XCBuildConfiguration;
			buildSettings = {
				ALWAYS_SEARCH_USER_PATHS = NO;
				CLANG_CXX_LANGUAGE_STANDARD = "gnu++0x";
				CLANG_CXX_LIBRARY = "libc++";
				CLANG_ENABLE_MODULES = YES;
				CLANG_ENABLE_OBJC_ARC = YES;
				CLANG_WARN_BOOL_CONVERSION = YES;
				CLANG_WARN_CONSTANT_CONVERSION = YES;
				CLANG_WARN_DIRECT_OBJC_ISA_USAGE = YES_ERROR;
				CLANG_WARN_EMPTY_BODY = YES;
				CLANG_WARN_ENUM_CONVERSION = YES;
				CLANG_WARN_INT_CONVERSION = YES;
				CLANG_WARN_OBJC_ROOT_CLASS = YES_ERROR;
				CLANG_WARN__DUPLICATE_METHOD_MATCH = YES;
				"CODE_SIGN_IDENTITY[sdk=iphoneos*]" = "iPhone Developer";
				COPY_PHASE_STRIP = YES;
				ENABLE_NS_ASSERTIONS = NO;
				GCC_C_LANGUAGE_STANDARD = gnu99;
				GCC_WARN_64_TO_32_BIT_CONVERSION = YES;
				GCC_WARN_ABOUT_RETURN_TYPE = YES_ERROR;
				GCC_WARN_UNDECLARED_SELECTOR = YES;
				GCC_WARN_UNINITIALIZED_AUTOS = YES_AGGRESSIVE;
				GCC_WARN_UNUSED_FUNCTION = YES;
				GCC_WARN_UNUSED_VARIABLE = YES;
				IPHONEOS_DEPLOYMENT_TARGET = 7.1;
				SDKROOT = iphoneos;
				VALIDATE_PRODUCT = YES;
			};
			name = Release;
		};
		929DF87519CAE687006A1F16 /* Debug */ = {
			isa = XCBuildConfiguration;
			buildSettings = {
				ASSETCATALOG_COMPILER_APPICON_NAME = AppIcon;
				ASSETCATALOG_COMPILER_LAUNCHIMAGE_NAME = LaunchImage;
				GCC_PRECOMPILE_PREFIX_HEADER = YES;
				GCC_PREFIX_HEADER = "UNPageViewController/UNPageViewController-Prefix.pch";
				INFOPLIST_FILE = "UNPageViewController/UNPageViewController-Info.plist";
				PRODUCT_NAME = "$(TARGET_NAME)";
				WRAPPER_EXTENSION = app;
			};
			name = Debug;
		};
		929DF87619CAE687006A1F16 /* Release */ = {
			isa = XCBuildConfiguration;
			buildSettings = {
				ASSETCATALOG_COMPILER_APPICON_NAME = AppIcon;
				ASSETCATALOG_COMPILER_LAUNCHIMAGE_NAME = LaunchImage;
				GCC_PRECOMPILE_PREFIX_HEADER = YES;
				GCC_PREFIX_HEADER = "UNPageViewController/UNPageViewController-Prefix.pch";
				INFOPLIST_FILE = "UNPageViewController/UNPageViewController-Info.plist";
				PRODUCT_NAME = "$(TARGET_NAME)";
				WRAPPER_EXTENSION = app;
			};
			name = Release;
		};
		929DF87819CAE687006A1F16 /* Debug */ = {
			isa = XCBuildConfiguration;
			buildSettings = {
				BUNDLE_LOADER = "$(BUILT_PRODUCTS_DIR)/UNPageViewController.app/UNPageViewController";
				FRAMEWORK_SEARCH_PATHS = (
					"$(SDKROOT)/Developer/Library/Frameworks",
					"$(inherited)",
					"$(DEVELOPER_FRAMEWORKS_DIR)",
				);
				GCC_PRECOMPILE_PREFIX_HEADER = YES;
				GCC_PREFIX_HEADER = "UNPageViewController/UNPageViewController-Prefix.pch";
				GCC_PREPROCESSOR_DEFINITIONS = (
					"DEBUG=1",
					"$(inherited)",
				);
				INFOPLIST_FILE = "UNPageViewControllerTests/UNPageViewControllerTests-Info.plist";
				PRODUCT_NAME = "$(TARGET_NAME)";
				TEST_HOST = "$(BUNDLE_LOADER)";
				WRAPPER_EXTENSION = xctest;
			};
			name = Debug;
		};
		929DF87919CAE687006A1F16 /* Release */ = {
			isa = XCBuildConfiguration;
			buildSettings = {
				BUNDLE_LOADER = "$(BUILT_PRODUCTS_DIR)/UNPageViewController.app/UNPageViewController";
				FRAMEWORK_SEARCH_PATHS = (
					"$(SDKROOT)/Developer/Library/Frameworks",
					"$(inherited)",
					"$(DEVELOPER_FRAMEWORKS_DIR)",
				);
				GCC_PRECOMPILE_PREFIX_HEADER = YES;
				GCC_PREFIX_HEADER = "UNPageViewController/UNPageViewController-Prefix.pch";
				INFOPLIST_FILE = "UNPageViewControllerTests/UNPageViewControllerTests-Info.plist";
				PRODUCT_NAME = "$(TARGET_NAME)";
				TEST_HOST = "$(BUNDLE_LOADER)";
				WRAPPER_EXTENSION = xctest;
			};
			name = Release;
		};
/* End XCBuildConfiguration section */

/* Begin XCConfigurationList section */
		929DF83719CAE687006A1F16 /* Build configuration list for PBXProject "UNPageViewController" */ = {
			isa = XCConfigurationList;
			buildConfigurations = (
				929DF87219CAE687006A1F16 /* Debug */,
				929DF87319CAE687006A1F16 /* Release */,
			);
			defaultConfigurationIsVisible = 0;
			defaultConfigurationName = Release;
		};
		929DF87419CAE687006A1F16 /* Build configuration list for PBXNativeTarget "UNPageViewController" */ = {
			isa = XCConfigurationList;
			buildConfigurations = (
				929DF87519CAE687006A1F16 /* Debug */,
				929DF87619CAE687006A1F16 /* Release */,
			);
			defaultConfigurationIsVisible = 0;
		};
		929DF87719CAE687006A1F16 /* Build configuration list for PBXNativeTarget "UNPageViewControllerTests" */ = {
			isa = XCConfigurationList;
			buildConfigurations = (
				929DF87819CAE687006A1F16 /* Debug */,
				929DF87919CAE687006A1F16 /* Release */,
			);
			defaultConfigurationIsVisible = 0;
		};
/* End XCConfigurationList section */
	};
	rootObject = 929DF83419CAE687006A1F16 /* Project object */;
}
